<?xml version="1.0" encoding="UTF-8"?>
<Scheme
   LastUpgradeVersion = "1140"
   version = "1.3">
   <BuildAction
      parallelizeBuildables = "YES"
      buildImplicitDependencies = "YES">
      <BuildActionEntries>
         <BuildActionEntry
            buildForTesting = "YES"
            buildForRunning = "YES"
            buildForProfiling = "YES"
            buildForArchiving = "YES"
            buildForAnalyzing = "YES">
            <BuildableReference
               BuildableIdentifier = "primary"
               BlueprintIdentifier = "B34FB0552440470A000AC039"
               BuildableName = "40-&#x7c7b;&#x65b9;&#x6cd5;+&#x5b9e;&#x4f8b;&#x65b9;&#x6cd5;&#x533a;&#x522b;"
               BlueprintName = "40-&#x7c7b;&#x65b9;&#x6cd5;+&#x5b9e;&#x4f8b;&#x65b9;&#x6cd5;&#x533a;&#x522b;"
               ReferencedContainer = "container:01-KVO.xcodeproj">
            </BuildableReference>
         </BuildActionEntry>
      </BuildActionEntries>
   </BuildAction>
   <TestAction
      buildConfiguration = "Debug"
      selectedDebuggerIdentifier = "Xcode.DebuggerFoundation.Debugger.LLDB"
      selectedLauncherIdentifier = "Xcode.DebuggerFoundation.Launcher.LLDB"
      shouldUseLaunchSchemeArgsEnv = "YES">
      <Testables>
      </Testables>
   </TestAction>
   <LaunchAction
      buildConfiguration = "Debug"
      selectedDebuggerIdentifier = "Xcode.DebuggerFoundation.Debugger.LLDB"
      selectedLauncherIdentifier = "Xcode.DebuggerFoundation.Launcher.LLDB"
      launchStyle = "0"
      useCustomWorkingDirectory = "NO"
      ignoresPersistentStateOnLaunch = "NO"
      debugDocumentVersioning = "YES"
      debugServiceExtension = "internal"
      allowLocationSimulation = "YES">
      <BuildableProductRunnable
         runnableDebuggingMode = "0">
         <BuildableReference
            BuildableIdentifier = "primary"
            BlueprintIdentifier = "B34FB0552440470A000AC039"
            BuildableName = "40-&#x7c7b;&#x65b9;&#x6cd5;+&#x5b9e;&#x4f8b;&#x65b9;&#x6cd5;&#x533a;&#x522b;"
            BlueprintName = "40-&#x7c7b;&#x65b9;&#x6cd5;+&#x5b9e;&#x4f8b;&#x65b9;&#x6cd5;&#x533a;&#x522b;"
            ReferencedContainer = "container:01-KVO.xcodeproj">
         </BuildableReference>
      </BuildableProductRunnable>
   </LaunchAction>
   <ProfileAction
      buildConfiguration = "Release"
      shouldUseLaunchSchemeArgsEnv = "YES"
      savedToolIdentifier = ""
      useCustomWorkingDirectory = "NO"
      debugDocumentVersioning = "YES">
      <BuildableProductRunnable
         runnableDebuggingMode = "0">
         <BuildableReference
            BuildableIdentifier = "primary"
            BlueprintIdentifier = "B34FB0552440470A000AC039"
            BuildableName = "40-&#x7c7b;&#x65b9;&#x6cd5;+&#x5b9e;&#x4f8b;&#x65b9;&#x6cd5;&#x533a;&#x522b;"
            BlueprintName = "40-&#x7c7b;&#x65b9;&#x6cd5;+&#x5b9e;&#x4f8b;&#x65b9;&#x6cd5;&#x533a;&#x522b;"
            ReferencedContainer = "container:01-KVO.xcodeproj">
         </BuildableReference>
      </BuildableProductRunnable>
   </ProfileAction>
   <AnalyzeAction
      buildConfiguration = "Debug">
   </AnalyzeAction>
   <ArchiveAction
      buildConfiguration = "Release"
      revealArchiveInOrganizer = "YES">
   </ArchiveAction>
</Scheme>
