// !$*UTF8*$!
{
	archiveVersion = 1;
	classes = {
	};
	objectVersion = 50;
	objects = {

/* Begin PBXBuildFile section */
		B35B82752424BCBB001060C5 /* main.m in Sources */ = {isa = PBXBuildFile; fileRef = B35B82742424BCBB001060C5 /* main.m */; };
		B35B827D2424BCCA001060C5 /* RuntimeKit.m in Sources */ = {isa = PBXBuildFile; fileRef = B35B827C2424BCCA001060C5 /* RuntimeKit.m */; };
		B35B82802424C0FE001060C5 /* Person.m in Sources */ = {isa = PBXBuildFile; fileRef = B35B827F2424C0FE001060C5 /* Person.m */; };
		B35B82882424CE0C001060C5 /* main.m in Sources */ = {isa = PBXBuildFile; fileRef = B35B82872424CE0C001060C5 /* main.m */; };
		B35B828E2424CE43001060C5 /* Person.m in Sources */ = {isa = PBXBuildFile; fileRef = B35B828D2424CE43001060C5 /* Person.m */; };
		B35B82962424D1C2001060C5 /* main.m in Sources */ = {isa = PBXBuildFile; fileRef = B35B82952424D1C2001060C5 /* main.m */; };
		B35B829C2424D2B2001060C5 /* RuntimeKit.m in Sources */ = {isa = PBXBuildFile; fileRef = B35B829A2424D2B2001060C5 /* RuntimeKit.m */; };
		B35B829F2424D333001060C5 /* NSObject+ZCKVO.m in Sources */ = {isa = PBXBuildFile; fileRef = B35B829E2424D333001060C5 /* NSObject+ZCKVO.m */; };
		B35B82A22424D94F001060C5 /* ZCObserverInfo.m in Sources */ = {isa = PBXBuildFile; fileRef = B35B82A12424D94F001060C5 /* ZCObserverInfo.m */; };
		B3A35F7C2425A31C00DD9B8E /* main.m in Sources */ = {isa = PBXBuildFile; fileRef = B3A35F7B2425A31C00DD9B8E /* main.m */; };
		B3A35F852425A49B00DD9B8E /* ZCObserver.m in Sources */ = {isa = PBXBuildFile; fileRef = B3A35F842425A49B00DD9B8E /* ZCObserver.m */; };
		B3A35F882425A67000DD9B8E /* Student.m in Sources */ = {isa = PBXBuildFile; fileRef = B3A35F872425A67000DD9B8E /* Student.m */; };
		B3A35F902425A7EE00DD9B8E /* main.m in Sources */ = {isa = PBXBuildFile; fileRef = B3A35F8F2425A7EE00DD9B8E /* main.m */; };
		B3A35F962425A85000DD9B8E /* Student.m in Sources */ = {isa = PBXBuildFile; fileRef = B3A35F952425A85000DD9B8E /* Student.m */; };
		B3A35F992425A8C200DD9B8E /* ZCObserver.m in Sources */ = {isa = PBXBuildFile; fileRef = B3A35F972425A8C100DD9B8E /* ZCObserver.m */; };
		B3A35FA12425AA7500DD9B8E /* main.m in Sources */ = {isa = PBXBuildFile; fileRef = B3A35FA02425AA7500DD9B8E /* main.m */; };
		ED67B17A2425213000010423 /* Person.m in Sources */ = {isa = PBXBuildFile; fileRef = ED67B1782425213000010423 /* Person.m */; };
/* End PBXBuildFile section */

/* Begin PBXCopyFilesBuildPhase section */
		B35B826F2424BCBB001060C5 /* CopyFiles */ = {
			isa = PBXCopyFilesBuildPhase;
			buildActionMask = 2147483647;
			dstPath = /usr/share/man/man1/;
			dstSubfolderSpec = 0;
			files = (
			);
			runOnlyForDeploymentPostprocessing = 1;
		};
		B35B82832424CE0C001060C5 /* CopyFiles */ = {
			isa = PBXCopyFilesBuildPhase;
			buildActionMask = 2147483647;
			dstPath = /usr/share/man/man1/;
			dstSubfolderSpec = 0;
			files = (
			);
			runOnlyForDeploymentPostprocessing = 1;
		};
		B35B82912424D1C2001060C5 /* CopyFiles */ = {
			isa = PBXCopyFilesBuildPhase;
			buildActionMask = 2147483647;
			dstPath = /usr/share/man/man1/;
			dstSubfolderSpec = 0;
			files = (
			);
			runOnlyForDeploymentPostprocessing = 1;
		};
		B3A35F772425A31C00DD9B8E /* CopyFiles */ = {
			isa = PBXCopyFilesBuildPhase;
			buildActionMask = 2147483647;
			dstPath = /usr/share/man/man1/;
			dstSubfolderSpec = 0;
			files = (
			);
			runOnlyForDeploymentPostprocessing = 1;
		};
		B3A35F8B2425A7EE00DD9B8E /* CopyFiles */ = {
			isa = PBXCopyFilesBuildPhase;
			buildActionMask = 2147483647;
			dstPath = /usr/share/man/man1/;
			dstSubfolderSpec = 0;
			files = (
			);
			runOnlyForDeploymentPostprocessing = 1;
		};
		B3A35F9C2425AA7500DD9B8E /* CopyFiles */ = {
			isa = PBXCopyFilesBuildPhase;
			buildActionMask = 2147483647;
			dstPath = /usr/share/man/man1/;
			dstSubfolderSpec = 0;
			files = (
			);
			runOnlyForDeploymentPostprocessing = 1;
		};
/* End PBXCopyFilesBuildPhase section */

/* Begin PBXFileReference section */
		B35B82712424BCBB001060C5 /* 01-KVO */ = {isa = PBXFileReference; explicitFileType = "compiled.mach-o.executable"; includeInIndex = 0; path = "01-KVO"; sourceTree = BUILT_PRODUCTS_DIR; };
		B35B82742424BCBB001060C5 /* main.m */ = {isa = PBXFileReference; lastKnownFileType = sourcecode.c.objc; path = main.m; sourceTree = "<group>"; };
		B35B827B2424BCCA001060C5 /* RuntimeKit.h */ = {isa = PBXFileReference; lastKnownFileType = sourcecode.c.h; path = RuntimeKit.h; sourceTree = "<group>"; };
		B35B827C2424BCCA001060C5 /* RuntimeKit.m */ = {isa = PBXFileReference; lastKnownFileType = sourcecode.c.objc; path = RuntimeKit.m; sourceTree = "<group>"; };
		B35B827E2424C0FE001060C5 /* Person.h */ = {isa = PBXFileReference; lastKnownFileType = sourcecode.c.h; path = Person.h; sourceTree = "<group>"; };
		B35B827F2424C0FE001060C5 /* Person.m */ = {isa = PBXFileReference; lastKnownFileType = sourcecode.c.objc; path = Person.m; sourceTree = "<group>"; };
		B35B82852424CE0C001060C5 /* 02-手动调用KVO */ = {isa = PBXFileReference; explicitFileType = "compiled.mach-o.executable"; includeInIndex = 0; path = "02-手动调用KVO"; sourceTree = BUILT_PRODUCTS_DIR; };
		B35B82872424CE0C001060C5 /* main.m */ = {isa = PBXFileReference; lastKnownFileType = sourcecode.c.objc; path = main.m; sourceTree = "<group>"; };
		B35B828C2424CE43001060C5 /* Person.h */ = {isa = PBXFileReference; lastKnownFileType = sourcecode.c.h; path = Person.h; sourceTree = "<group>"; };
		B35B828D2424CE43001060C5 /* Person.m */ = {isa = PBXFileReference; lastKnownFileType = sourcecode.c.objc; path = Person.m; sourceTree = "<group>"; };
		B35B82932424D1C2001060C5 /* 03-自定义KVO实现 */ = {isa = PBXFileReference; explicitFileType = "compiled.mach-o.executable"; includeInIndex = 0; path = "03-自定义KVO实现"; sourceTree = BUILT_PRODUCTS_DIR; };
		B35B82952424D1C2001060C5 /* main.m */ = {isa = PBXFileReference; lastKnownFileType = sourcecode.c.objc; path = main.m; sourceTree = "<group>"; };
		B35B829A2424D2B2001060C5 /* RuntimeKit.m */ = {isa = PBXFileReference; fileEncoding = 4; lastKnownFileType = sourcecode.c.objc; name = RuntimeKit.m; path = "01-KVO原理解析/RuntimeKit.m"; sourceTree = SOURCE_ROOT; };
		B35B829B2424D2B2001060C5 /* RuntimeKit.h */ = {isa = PBXFileReference; fileEncoding = 4; lastKnownFileType = sourcecode.c.h; name = RuntimeKit.h; path = "01-KVO原理解析/RuntimeKit.h"; sourceTree = SOURCE_ROOT; };
		B35B829D2424D333001060C5 /* NSObject+ZCKVO.h */ = {isa = PBXFileReference; lastKnownFileType = sourcecode.c.h; path = "NSObject+ZCKVO.h"; sourceTree = "<group>"; };
		B35B829E2424D333001060C5 /* NSObject+ZCKVO.m */ = {isa = PBXFileReference; lastKnownFileType = sourcecode.c.objc; path = "NSObject+ZCKVO.m"; sourceTree = "<group>"; };
		B35B82A02424D94F001060C5 /* ZCObserverInfo.h */ = {isa = PBXFileReference; lastKnownFileType = sourcecode.c.h; path = ZCObserverInfo.h; sourceTree = "<group>"; };
		B35B82A12424D94F001060C5 /* ZCObserverInfo.m */ = {isa = PBXFileReference; lastKnownFileType = sourcecode.c.objc; path = ZCObserverInfo.m; sourceTree = "<group>"; };
		B3A35F792425A31C00DD9B8E /* 04-KVC */ = {isa = PBXFileReference; explicitFileType = "compiled.mach-o.executable"; includeInIndex = 0; path = "04-KVC"; sourceTree = BUILT_PRODUCTS_DIR; };
		B3A35F7B2425A31C00DD9B8E /* main.m */ = {isa = PBXFileReference; lastKnownFileType = sourcecode.c.objc; path = main.m; sourceTree = "<group>"; };
		B3A35F832425A49B00DD9B8E /* ZCObserver.h */ = {isa = PBXFileReference; lastKnownFileType = sourcecode.c.h; path = ZCObserver.h; sourceTree = "<group>"; };
		B3A35F842425A49B00DD9B8E /* ZCObserver.m */ = {isa = PBXFileReference; lastKnownFileType = sourcecode.c.objc; path = ZCObserver.m; sourceTree = "<group>"; };
		B3A35F862425A67000DD9B8E /* Student.h */ = {isa = PBXFileReference; lastKnownFileType = sourcecode.c.h; path = Student.h; sourceTree = "<group>"; };
		B3A35F872425A67000DD9B8E /* Student.m */ = {isa = PBXFileReference; lastKnownFileType = sourcecode.c.objc; path = Student.m; sourceTree = "<group>"; };
		B3A35F8D2425A7EE00DD9B8E /* 05-KVC取值 */ = {isa = PBXFileReference; explicitFileType = "compiled.mach-o.executable"; includeInIndex = 0; path = "05-KVC取值"; sourceTree = BUILT_PRODUCTS_DIR; };
		B3A35F8F2425A7EE00DD9B8E /* main.m */ = {isa = PBXFileReference; lastKnownFileType = sourcecode.c.objc; path = main.m; sourceTree = "<group>"; };
		B3A35F942425A85000DD9B8E /* Student.h */ = {isa = PBXFileReference; lastKnownFileType = sourcecode.c.h; path = Student.h; sourceTree = "<group>"; };
		B3A35F952425A85000DD9B8E /* Student.m */ = {isa = PBXFileReference; lastKnownFileType = sourcecode.c.objc; path = Student.m; sourceTree = "<group>"; };
		B3A35F972425A8C100DD9B8E /* ZCObserver.m */ = {isa = PBXFileReference; fileEncoding = 4; lastKnownFileType = sourcecode.c.objc; name = ZCObserver.m; path = "04-KVC赋值/ZCObserver.m"; sourceTree = SOURCE_ROOT; };
		B3A35F982425A8C100DD9B8E /* ZCObserver.h */ = {isa = PBXFileReference; fileEncoding = 4; lastKnownFileType = sourcecode.c.h; name = ZCObserver.h; path = "04-KVC赋值/ZCObserver.h"; sourceTree = SOURCE_ROOT; };
		B3A35F9E2425AA7500DD9B8E /* 06-Block变量捕获 */ = {isa = PBXFileReference; explicitFileType = "compiled.mach-o.executable"; includeInIndex = 0; path = "06-Block变量捕获"; sourceTree = BUILT_PRODUCTS_DIR; };
		B3A35FA02425AA7500DD9B8E /* main.m */ = {isa = PBXFileReference; lastKnownFileType = sourcecode.c.objc; path = main.m; sourceTree = "<group>"; };
		B3A35FA52425AE2800DD9B8E /* main.cpp */ = {isa = PBXFileReference; fileEncoding = 4; lastKnownFileType = sourcecode.cpp.cpp; path = main.cpp; sourceTree = "<group>"; };
		ED67B1782425213000010423 /* Person.m */ = {isa = PBXFileReference; fileEncoding = 4; lastKnownFileType = sourcecode.c.objc; name = Person.m; path = "01-KVO原理解析/Person.m"; sourceTree = SOURCE_ROOT; };
		ED67B1792425213000010423 /* Person.h */ = {isa = PBXFileReference; fileEncoding = 4; lastKnownFileType = sourcecode.c.h; name = Person.h; path = "01-KVO原理解析/Person.h"; sourceTree = SOURCE_ROOT; };
/* End PBXFileReference section */

/* Begin PBXFrameworksBuildPhase section */
		B35B826E2424BCBB001060C5 /* Frameworks */ = {
			isa = PBXFrameworksBuildPhase;
			buildActionMask = 2147483647;
			files = (
			);
			runOnlyForDeploymentPostprocessing = 0;
		};
		B35B82822424CE0C001060C5 /* Frameworks */ = {
			isa = PBXFrameworksBuildPhase;
			buildActionMask = 2147483647;
			files = (
			);
			runOnlyForDeploymentPostprocessing = 0;
		};
		B35B82902424D1C2001060C5 /* Frameworks */ = {
			isa = PBXFrameworksBuildPhase;
			buildActionMask = 2147483647;
			files = (
			);
			runOnlyForDeploymentPostprocessing = 0;
		};
		B3A35F762425A31C00DD9B8E /* Frameworks */ = {
			isa = PBXFrameworksBuildPhase;
			buildActionMask = 2147483647;
			files = (
			);
			runOnlyForDeploymentPostprocessing = 0;
		};
		B3A35F8A2425A7EE00DD9B8E /* Frameworks */ = {
			isa = PBXFrameworksBuildPhase;
			buildActionMask = 2147483647;
			files = (
			);
			runOnlyForDeploymentPostprocessing = 0;
		};
		B3A35F9B2425AA7500DD9B8E /* Frameworks */ = {
			isa = PBXFrameworksBuildPhase;
			buildActionMask = 2147483647;
			files = (
			);
			runOnlyForDeploymentPostprocessing = 0;
		};
/* End PBXFrameworksBuildPhase section */

/* Begin PBXGroup section */
		B35B82682424BCBB001060C5 = {
			isa = PBXGroup;
			children = (
				B35B82732424BCBB001060C5 /* 01-KVO原理解析 */,
				B35B82862424CE0C001060C5 /* 02-手动调用KVO */,
				B35B82942424D1C2001060C5 /* 03-自定义KVO实现 */,
				B3A35F7A2425A31C00DD9B8E /* 04-KVC赋值 */,
				B3A35F8E2425A7EE00DD9B8E /* 05-KVC取值 */,
				B3A35F9F2425AA7500DD9B8E /* 06-Block变量捕获 */,
				B35B82722424BCBB001060C5 /* Products */,
			);
			sourceTree = "<group>";
		};
		B35B82722424BCBB001060C5 /* Products */ = {
			isa = PBXGroup;
			children = (
				B35B82712424BCBB001060C5 /* 01-KVO */,
				B35B82852424CE0C001060C5 /* 02-手动调用KVO */,
				B35B82932424D1C2001060C5 /* 03-自定义KVO实现 */,
				B3A35F792425A31C00DD9B8E /* 04-KVC */,
				B3A35F8D2425A7EE00DD9B8E /* 05-KVC取值 */,
				B3A35F9E2425AA7500DD9B8E /* 06-Block变量捕获 */,
			);
			name = Products;
			sourceTree = "<group>";
		};
		B35B82732424BCBB001060C5 /* 01-KVO原理解析 */ = {
			isa = PBXGroup;
			children = (
				B35B82742424BCBB001060C5 /* main.m */,
				B35B827B2424BCCA001060C5 /* RuntimeKit.h */,
				B35B827C2424BCCA001060C5 /* RuntimeKit.m */,
				B35B827E2424C0FE001060C5 /* Person.h */,
				B35B827F2424C0FE001060C5 /* Person.m */,
			);
			path = "01-KVO原理解析";
			sourceTree = "<group>";
		};
		B35B82862424CE0C001060C5 /* 02-手动调用KVO */ = {
			isa = PBXGroup;
			children = (
				B35B82872424CE0C001060C5 /* main.m */,
				B35B828C2424CE43001060C5 /* Person.h */,
				B35B828D2424CE43001060C5 /* Person.m */,
			);
			path = "02-手动调用KVO";
			sourceTree = "<group>";
		};
		B35B82942424D1C2001060C5 /* 03-自定义KVO实现 */ = {
			isa = PBXGroup;
			children = (
				B35B82952424D1C2001060C5 /* main.m */,
				ED67B1792425213000010423 /* Person.h */,
				ED67B1782425213000010423 /* Person.m */,
				B35B829D2424D333001060C5 /* NSObject+ZCKVO.h */,
				B35B829E2424D333001060C5 /* NSObject+ZCKVO.m */,
				B35B82A02424D94F001060C5 /* ZCObserverInfo.h */,
				B35B82A12424D94F001060C5 /* ZCObserverInfo.m */,
				B35B829B2424D2B2001060C5 /* RuntimeKit.h */,
				B35B829A2424D2B2001060C5 /* RuntimeKit.m */,
			);
			path = "03-自定义KVO实现";
			sourceTree = "<group>";
		};
		B3A35F7A2425A31C00DD9B8E /* 04-KVC赋值 */ = {
			isa = PBXGroup;
			children = (
				B3A35F7B2425A31C00DD9B8E /* main.m */,
				B3A35F862425A67000DD9B8E /* Student.h */,
				B3A35F872425A67000DD9B8E /* Student.m */,
				B3A35F832425A49B00DD9B8E /* ZCObserver.h */,
				B3A35F842425A49B00DD9B8E /* ZCObserver.m */,
			);
			path = "04-KVC赋值";
			sourceTree = "<group>";
		};
		B3A35F8E2425A7EE00DD9B8E /* 05-KVC取值 */ = {
			isa = PBXGroup;
			children = (
				B3A35F8F2425A7EE00DD9B8E /* main.m */,
				B3A35F942425A85000DD9B8E /* Student.h */,
				B3A35F952425A85000DD9B8E /* Student.m */,
				B3A35F982425A8C100DD9B8E /* ZCObserver.h */,
				B3A35F972425A8C100DD9B8E /* ZCObserver.m */,
			);
			path = "05-KVC取值";
			sourceTree = "<group>";
		};
		B3A35F9F2425AA7500DD9B8E /* 06-Block变量捕获 */ = {
			isa = PBXGroup;
			children = (
				B3A35FA02425AA7500DD9B8E /* main.m */,
				B3A35FA52425AE2800DD9B8E /* main.cpp */,
			);
			path = "06-Block变量捕获";
			sourceTree = "<group>";
		};
/* End PBXGroup section */

/* Begin PBXNativeTarget section */
		B35B82702424BCBB001060C5 /* 01-KVO */ = {
			isa = PBXNativeTarget;
			buildConfigurationList = B35B82782424BCBB001060C5 /* Build configuration list for PBXNativeTarget "01-KVO" */;
			buildPhases = (
				B35B826D2424BCBB001060C5 /* Sources */,
				B35B826E2424BCBB001060C5 /* Frameworks */,
				B35B826F2424BCBB001060C5 /* CopyFiles */,
			);
			buildRules = (
			);
			dependencies = (
			);
			name = "01-KVO";
			productName = "01-KVO";
			productReference = B35B82712424BCBB001060C5 /* 01-KVO */;
			productType = "com.apple.product-type.tool";
		};
		B35B82842424CE0C001060C5 /* 02-手动调用KVO */ = {
			isa = PBXNativeTarget;
			buildConfigurationList = B35B828B2424CE0C001060C5 /* Build configuration list for PBXNativeTarget "02-手动调用KVO" */;
			buildPhases = (
				B35B82812424CE0C001060C5 /* Sources */,
				B35B82822424CE0C001060C5 /* Frameworks */,
				B35B82832424CE0C001060C5 /* CopyFiles */,
			);
			buildRules = (
			);
			dependencies = (
			);
			name = "02-手动调用KVO";
			productName = "02-手动调用KVO";
			productReference = B35B82852424CE0C001060C5 /* 02-手动调用KVO */;
			productType = "com.apple.product-type.tool";
		};
		B35B82922424D1C2001060C5 /* 03-自定义KVO实现 */ = {
			isa = PBXNativeTarget;
			buildConfigurationList = B35B82972424D1C2001060C5 /* Build configuration list for PBXNativeTarget "03-自定义KVO实现" */;
			buildPhases = (
				B35B828F2424D1C2001060C5 /* Sources */,
				B35B82902424D1C2001060C5 /* Frameworks */,
				B35B82912424D1C2001060C5 /* CopyFiles */,
			);
			buildRules = (
			);
			dependencies = (
			);
			name = "03-自定义KVO实现";
			productName = "03-自定义KVO实现";
			productReference = B35B82932424D1C2001060C5 /* 03-自定义KVO实现 */;
			productType = "com.apple.product-type.tool";
		};
		B3A35F782425A31C00DD9B8E /* 04-KVC */ = {
			isa = PBXNativeTarget;
			buildConfigurationList = B3A35F7F2425A31C00DD9B8E /* Build configuration list for PBXNativeTarget "04-KVC" */;
			buildPhases = (
				B3A35F752425A31C00DD9B8E /* Sources */,
				B3A35F762425A31C00DD9B8E /* Frameworks */,
				B3A35F772425A31C00DD9B8E /* CopyFiles */,
			);
			buildRules = (
			);
			dependencies = (
			);
			name = "04-KVC";
			productName = "04-KVC";
			productReference = B3A35F792425A31C00DD9B8E /* 04-KVC */;
			productType = "com.apple.product-type.tool";
		};
		B3A35F8C2425A7EE00DD9B8E /* 05-KVC取值 */ = {
			isa = PBXNativeTarget;
			buildConfigurationList = B3A35F912425A7EE00DD9B8E /* Build configuration list for PBXNativeTarget "05-KVC取值" */;
			buildPhases = (
				B3A35F892425A7EE00DD9B8E /* Sources */,
				B3A35F8A2425A7EE00DD9B8E /* Frameworks */,
				B3A35F8B2425A7EE00DD9B8E /* CopyFiles */,
			);
			buildRules = (
			);
			dependencies = (
			);
			name = "05-KVC取值";
			productName = "05-KVC取值";
			productReference = B3A35F8D2425A7EE00DD9B8E /* 05-KVC取值 */;
			productType = "com.apple.product-type.tool";
		};
		B3A35F9D2425AA7500DD9B8E /* 06-Block变量捕获 */ = {
			isa = PBXNativeTarget;
			buildConfigurationList = B3A35FA22425AA7500DD9B8E /* Build configuration list for PBXNativeTarget "06-Block变量捕获" */;
			buildPhases = (
				B3A35F9A2425AA7500DD9B8E /* Sources */,
				B3A35F9B2425AA7500DD9B8E /* Frameworks */,
				B3A35F9C2425AA7500DD9B8E /* CopyFiles */,
			);
			buildRules = (
			);
			dependencies = (
			);
			name = "06-Block变量捕获";
			productName = "06-Block变量捕获";
			productReference = B3A35F9E2425AA7500DD9B8E /* 06-Block变量捕获 */;
			productType = "com.apple.product-type.tool";
		};
/* End PBXNativeTarget section */

/* Begin PBXProject section */
		B35B82692424BCBB001060C5 /* Project object */ = {
			isa = PBXProject;
			attributes = {
				LastUpgradeCheck = 1110;
				ORGANIZATIONNAME = XFB;
				TargetAttributes = {
					B35B82702424BCBB001060C5 = {
						CreatedOnToolsVersion = 11.1;
					};
					B35B82842424CE0C001060C5 = {
						CreatedOnToolsVersion = 11.1;
					};
					B35B82922424D1C2001060C5 = {
						CreatedOnToolsVersion = 11.1;
					};
					B3A35F782425A31C00DD9B8E = {
						CreatedOnToolsVersion = 11.1;
					};
					B3A35F8C2425A7EE00DD9B8E = {
						CreatedOnToolsVersion = 11.1;
					};
					B3A35F9D2425AA7500DD9B8E = {
						CreatedOnToolsVersion = 11.1;
					};
				};
			};
			buildConfigurationList = B35B826C2424BCBB001060C5 /* Build configuration list for PBXProject "01-KVO" */;
			compatibilityVersion = "Xcode 9.3";
			developmentRegion = en;
			hasScannedForEncodings = 0;
			knownRegions = (
				en,
				Base,
			);
			mainGroup = B35B82682424BCBB001060C5;
			productRefGroup = B35B82722424BCBB001060C5 /* Products */;
			projectDirPath = "";
			projectRoot = "";
			targets = (
				B35B82702424BCBB001060C5 /* 01-KVO */,
				B35B82842424CE0C001060C5 /* 02-手动调用KVO */,
				B35B82922424D1C2001060C5 /* 03-自定义KVO实现 */,
				B3A35F782425A31C00DD9B8E /* 04-KVC */,
				B3A35F8C2425A7EE00DD9B8E /* 05-KVC取值 */,
				B3A35F9D2425AA7500DD9B8E /* 06-Block变量捕获 */,
			);
		};
/* End PBXProject section */

/* Begin PBXSourcesBuildPhase section */
		B35B826D2424BCBB001060C5 /* Sources */ = {
			isa = PBXSourcesBuildPhase;
			buildActionMask = 2147483647;
			files = (
				B35B82802424C0FE001060C5 /* Person.m in Sources */,
				B35B82752424BCBB001060C5 /* main.m in Sources */,
				B35B827D2424BCCA001060C5 /* RuntimeKit.m in Sources */,
			);
			runOnlyForDeploymentPostprocessing = 0;
		};
		B35B82812424CE0C001060C5 /* Sources */ = {
			isa = PBXSourcesBuildPhase;
			buildActionMask = 2147483647;
			files = (
				B35B828E2424CE43001060C5 /* Person.m in Sources */,
				B35B82882424CE0C001060C5 /* main.m in Sources */,
			);
			runOnlyForDeploymentPostprocessing = 0;
		};
		B35B828F2424D1C2001060C5 /* Sources */ = {
			isa = PBXSourcesBuildPhase;
			buildActionMask = 2147483647;
			files = (
				B35B82A22424D94F001060C5 /* ZCObserverInfo.m in Sources */,
				B35B82962424D1C2001060C5 /* main.m in Sources */,
				ED67B17A2425213000010423 /* Person.m in Sources */,
				B35B829C2424D2B2001060C5 /* RuntimeKit.m in Sources */,
				B35B829F2424D333001060C5 /* NSObject+ZCKVO.m in Sources */,
			);
			runOnlyForDeploymentPostprocessing = 0;
		};
		B3A35F752425A31C00DD9B8E /* Sources */ = {
			isa = PBXSourcesBuildPhase;
			buildActionMask = 2147483647;
			files = (
				B3A35F852425A49B00DD9B8E /* ZCObserver.m in Sources */,
				B3A35F7C2425A31C00DD9B8E /* main.m in Sources */,
				B3A35F882425A67000DD9B8E /* Student.m in Sources */,
			);
			runOnlyForDeploymentPostprocessing = 0;
		};
		B3A35F892425A7EE00DD9B8E /* Sources */ = {
			isa = PBXSourcesBuildPhase;
			buildActionMask = 2147483647;
			files = (
				B3A35F992425A8C200DD9B8E /* ZCObserver.m in Sources */,
				B3A35F902425A7EE00DD9B8E /* main.m in Sources */,
				B3A35F962425A85000DD9B8E /* Student.m in Sources */,
			);
			runOnlyForDeploymentPostprocessing = 0;
		};
		B3A35F9A2425AA7500DD9B8E /* Sources */ = {
			isa = PBXSourcesBuildPhase;
			buildActionMask = 2147483647;
			files = (
				B3A35FA12425AA7500DD9B8E /* main.m in Sources */,
			);
			runOnlyForDeploymentPostprocessing = 0;
		};
/* End PBXSourcesBuildPhase section */

/* Begin XCBuildConfiguration section */
		B35B82762424BCBB001060C5 /* Debug */ = {
			isa = XCBuildConfiguration;
			buildSettings = {
				ALWAYS_SEARCH_USER_PATHS = NO;
				CLANG_ANALYZER_NONNULL = YES;
				CLANG_ANALYZER_NUMBER_OBJECT_CONVERSION = YES_AGGRESSIVE;
				CLANG_CXX_LANGUAGE_STANDARD = "gnu++14";
				CLANG_CXX_LIBRARY = "libc++";
				CLANG_ENABLE_MODULES = YES;
				CLANG_ENABLE_OBJC_ARC = YES;
				CLANG_ENABLE_OBJC_WEAK = YES;
				CLANG_WARN_BLOCK_CAPTURE_AUTORELEASING = YES;
				CLANG_WARN_BOOL_CONVERSION = YES;
				CLANG_WARN_COMMA = YES;
				CLANG_WARN_CONSTANT_CONVERSION = YES;
				CLANG_WARN_DEPRECATED_OBJC_IMPLEMENTATIONS = YES;
				CLANG_WARN_DIRECT_OBJC_ISA_USAGE = YES_ERROR;
				CLANG_WARN_DOCUMENTATION_COMMENTS = YES;
				CLANG_WARN_EMPTY_BODY = YES;
				CLANG_WARN_ENUM_CONVERSION = YES;
				CLANG_WARN_INFINITE_RECURSION = YES;
				CLANG_WARN_INT_CONVERSION = YES;
				CLANG_WARN_NON_LITERAL_NULL_CONVERSION = YES;
				CLANG_WARN_OBJC_IMPLICIT_RETAIN_SELF = YES;
				CLANG_WARN_OBJC_LITERAL_CONVERSION = YES;
				CLANG_WARN_OBJC_ROOT_CLASS = YES_ERROR;
				CLANG_WARN_RANGE_LOOP_ANALYSIS = YES;
				CLANG_WARN_STRICT_PROTOTYPES = YES;
				CLANG_WARN_SUSPICIOUS_MOVE = YES;
				CLANG_WARN_UNGUARDED_AVAILABILITY = YES_AGGRESSIVE;
				CLANG_WARN_UNREACHABLE_CODE = YES;
				CLANG_WARN__DUPLICATE_METHOD_MATCH = YES;
				COPY_PHASE_STRIP = NO;
				DEBUG_INFORMATION_FORMAT = dwarf;
				ENABLE_STRICT_OBJC_MSGSEND = YES;
				ENABLE_TESTABILITY = YES;
				GCC_C_LANGUAGE_STANDARD = gnu11;
				GCC_DYNAMIC_NO_PIC = NO;
				GCC_NO_COMMON_BLOCKS = YES;
				GCC_OPTIMIZATION_LEVEL = 0;
				GCC_PREPROCESSOR_DEFINITIONS = (
					"DEBUG=1",
					"$(inherited)",
				);
				GCC_WARN_64_TO_32_BIT_CONVERSION = YES;
				GCC_WARN_ABOUT_RETURN_TYPE = YES_ERROR;
				GCC_WARN_UNDECLARED_SELECTOR = YES;
				GCC_WARN_UNINITIALIZED_AUTOS = YES_AGGRESSIVE;
				GCC_WARN_UNUSED_FUNCTION = YES;
				GCC_WARN_UNUSED_VARIABLE = YES;
				MACOSX_DEPLOYMENT_TARGET = 10.14;
				MTL_ENABLE_DEBUG_INFO = INCLUDE_SOURCE;
				MTL_FAST_MATH = YES;
				ONLY_ACTIVE_ARCH = YES;
				SDKROOT = macosx;
			};
			name = Debug;
		};
		B35B82772424BCBB001060C5 /* Release */ = {
			isa = XCBuildConfiguration;
			buildSettings = {
				ALWAYS_SEARCH_USER_PATHS = NO;
				CLANG_ANALYZER_NONNULL = YES;
				CLANG_ANALYZER_NUMBER_OBJECT_CONVERSION = YES_AGGRESSIVE;
				CLANG_CXX_LANGUAGE_STANDARD = "gnu++14";
				CLANG_CXX_LIBRARY = "libc++";
				CLANG_ENABLE_MODULES = YES;
				CLANG_ENABLE_OBJC_ARC = YES;
				CLANG_ENABLE_OBJC_WEAK = YES;
				CLANG_WARN_BLOCK_CAPTURE_AUTORELEASING = YES;
				CLANG_WARN_BOOL_CONVERSION = YES;
				CLANG_WARN_COMMA = YES;
				CLANG_WARN_CONSTANT_CONVERSION = YES;
				CLANG_WARN_DEPRECATED_OBJC_IMPLEMENTATIONS = YES;
				CLANG_WARN_DIRECT_OBJC_ISA_USAGE = YES_ERROR;
				CLANG_WARN_DOCUMENTATION_COMMENTS = YES;
				CLANG_WARN_EMPTY_BODY = YES;
				CLANG_WARN_ENUM_CONVERSION = YES;
				CLANG_WARN_INFINITE_RECURSION = YES;
				CLANG_WARN_INT_CONVERSION = YES;
				CLANG_WARN_NON_LITERAL_NULL_CONVERSION = YES;
				CLANG_WARN_OBJC_IMPLICIT_RETAIN_SELF = YES;
				CLANG_WARN_OBJC_LITERAL_CONVERSION = YES;
				CLANG_WARN_OBJC_ROOT_CLASS = YES_ERROR;
				CLANG_WARN_RANGE_LOOP_ANALYSIS = YES;
				CLANG_WARN_STRICT_PROTOTYPES = YES;
				CLANG_WARN_SUSPICIOUS_MOVE = YES;
				CLANG_WARN_UNGUARDED_AVAILABILITY = YES_AGGRESSIVE;
				CLANG_WARN_UNREACHABLE_CODE = YES;
				CLANG_WARN__DUPLICATE_METHOD_MATCH = YES;
				COPY_PHASE_STRIP = NO;
				DEBUG_INFORMATION_FORMAT = "dwarf-with-dsym";
				ENABLE_NS_ASSERTIONS = NO;
				ENABLE_STRICT_OBJC_MSGSEND = YES;
				GCC_C_LANGUAGE_STANDARD = gnu11;
				GCC_NO_COMMON_BLOCKS = YES;
				GCC_WARN_64_TO_32_BIT_CONVERSION = YES;
				GCC_WARN_ABOUT_RETURN_TYPE = YES_ERROR;
				GCC_WARN_UNDECLARED_SELECTOR = YES;
				GCC_WARN_UNINITIALIZED_AUTOS = YES_AGGRESSIVE;
				GCC_WARN_UNUSED_FUNCTION = YES;
				GCC_WARN_UNUSED_VARIABLE = YES;
				MACOSX_DEPLOYMENT_TARGET = 10.14;
				MTL_ENABLE_DEBUG_INFO = NO;
				MTL_FAST_MATH = YES;
				SDKROOT = macosx;
			};
			name = Release;
		};
		B35B82792424BCBB001060C5 /* Debug */ = {
			isa = XCBuildConfiguration;
			buildSettings = {
				CODE_SIGN_STYLE = Automatic;
				DEVELOPMENT_TEAM = HGF48S4DZC;
				ENABLE_HARDENED_RUNTIME = YES;
				PRODUCT_NAME = "$(TARGET_NAME)";
			};
			name = Debug;
		};
		B35B827A2424BCBB001060C5 /* Release */ = {
			isa = XCBuildConfiguration;
			buildSettings = {
				CODE_SIGN_STYLE = Automatic;
				DEVELOPMENT_TEAM = HGF48S4DZC;
				ENABLE_HARDENED_RUNTIME = YES;
				PRODUCT_NAME = "$(TARGET_NAME)";
			};
			name = Release;
		};
		B35B82892424CE0C001060C5 /* Debug */ = {
			isa = XCBuildConfiguration;
			buildSettings = {
				CODE_SIGN_STYLE = Automatic;
				DEVELOPMENT_TEAM = HGF48S4DZC;
				ENABLE_HARDENED_RUNTIME = YES;
				PRODUCT_NAME = "$(TARGET_NAME)";
			};
			name = Debug;
		};
		B35B828A2424CE0C001060C5 /* Release */ = {
			isa = XCBuildConfiguration;
			buildSettings = {
				CODE_SIGN_STYLE = Automatic;
				DEVELOPMENT_TEAM = HGF48S4DZC;
				ENABLE_HARDENED_RUNTIME = YES;
				PRODUCT_NAME = "$(TARGET_NAME)";
			};
			name = Release;
		};
		B35B82982424D1C2001060C5 /* Debug */ = {
			isa = XCBuildConfiguration;
			buildSettings = {
				CODE_SIGN_STYLE = Automatic;
				DEVELOPMENT_TEAM = HGF48S4DZC;
				ENABLE_HARDENED_RUNTIME = YES;
				PRODUCT_NAME = "$(TARGET_NAME)";
			};
			name = Debug;
		};
		B35B82992424D1C2001060C5 /* Release */ = {
			isa = XCBuildConfiguration;
			buildSettings = {
				CODE_SIGN_STYLE = Automatic;
				DEVELOPMENT_TEAM = HGF48S4DZC;
				ENABLE_HARDENED_RUNTIME = YES;
				PRODUCT_NAME = "$(TARGET_NAME)";
			};
			name = Release;
		};
		B3A35F7D2425A31C00DD9B8E /* Debug */ = {
			isa = XCBuildConfiguration;
			buildSettings = {
				CODE_SIGN_STYLE = Automatic;
				DEVELOPMENT_TEAM = HGF48S4DZC;
				ENABLE_HARDENED_RUNTIME = YES;
				PRODUCT_NAME = "$(TARGET_NAME)";
			};
			name = Debug;
		};
		B3A35F7E2425A31C00DD9B8E /* Release */ = {
			isa = XCBuildConfiguration;
			buildSettings = {
				CODE_SIGN_STYLE = Automatic;
				DEVELOPMENT_TEAM = HGF48S4DZC;
				ENABLE_HARDENED_RUNTIME = YES;
				PRODUCT_NAME = "$(TARGET_NAME)";
			};
			name = Release;
		};
		B3A35F922425A7EE00DD9B8E /* Debug */ = {
			isa = XCBuildConfiguration;
			buildSettings = {
				CODE_SIGN_STYLE = Automatic;
				DEVELOPMENT_TEAM = HGF48S4DZC;
				ENABLE_HARDENED_RUNTIME = YES;
				PRODUCT_NAME = "$(TARGET_NAME)";
			};
			name = Debug;
		};
		B3A35F932425A7EE00DD9B8E /* Release */ = {
			isa = XCBuildConfiguration;
			buildSettings = {
				CODE_SIGN_STYLE = Automatic;
				DEVELOPMENT_TEAM = HGF48S4DZC;
				ENABLE_HARDENED_RUNTIME = YES;
				PRODUCT_NAME = "$(TARGET_NAME)";
			};
			name = Release;
		};
		B3A35FA32425AA7500DD9B8E /* Debug */ = {
			isa = XCBuildConfiguration;
			buildSettings = {
				CODE_SIGN_STYLE = Automatic;
				DEVELOPMENT_TEAM = HGF48S4DZC;
				ENABLE_HARDENED_RUNTIME = YES;
				PRODUCT_NAME = "$(TARGET_NAME)";
			};
			name = Debug;
		};
		B3A35FA42425AA7500DD9B8E /* Release */ = {
			isa = XCBuildConfiguration;
			buildSettings = {
				CODE_SIGN_STYLE = Automatic;
				DEVELOPMENT_TEAM = HGF48S4DZC;
				ENABLE_HARDENED_RUNTIME = YES;
				PRODUCT_NAME = "$(TARGET_NAME)";
			};
			name = Release;
		};
/* End XCBuildConfiguration section */

/* Begin XCConfigurationList section */
		B35B826C2424BCBB001060C5 /* Build configuration list for PBXProject "01-KVO" */ = {
			isa = XCConfigurationList;
			buildConfigurations = (
				B35B82762424BCBB001060C5 /* Debug */,
				B35B82772424BCBB001060C5 /* Release */,
			);
			defaultConfigurationIsVisible = 0;
			defaultConfigurationName = Release;
		};
		B35B82782424BCBB001060C5 /* Build configuration list for PBXNativeTarget "01-KVO" */ = {
			isa = XCConfigurationList;
			buildConfigurations = (
				B35B82792424BCBB001060C5 /* Debug */,
				B35B827A2424BCBB001060C5 /* Release */,
			);
			defaultConfigurationIsVisible = 0;
			defaultConfigurationName = Release;
		};
		B35B828B2424CE0C001060C5 /* Build configuration list for PBXNativeTarget "02-手动调用KVO" */ = {
			isa = XCConfigurationList;
			buildConfigurations = (
				B35B82892424CE0C001060C5 /* Debug */,
				B35B828A2424CE0C001060C5 /* Release */,
			);
			defaultConfigurationIsVisible = 0;
			defaultConfigurationName = Release;
		};
		B35B82972424D1C2001060C5 /* Build configuration list for PBXNativeTarget "03-自定义KVO实现" */ = {
			isa = XCConfigurationList;
			buildConfigurations = (
				B35B82982424D1C2001060C5 /* Debug */,
				B35B82992424D1C2001060C5 /* Release */,
			);
			defaultConfigurationIsVisible = 0;
			defaultConfigurationName = Release;
		};
		B3A35F7F2425A31C00DD9B8E /* Build configuration list for PBXNativeTarget "04-KVC" */ = {
			isa = XCConfigurationList;
			buildConfigurations = (
				B3A35F7D2425A31C00DD9B8E /* Debug */,
				B3A35F7E2425A31C00DD9B8E /* Release */,
			);
			defaultConfigurationIsVisible = 0;
			defaultConfigurationName = Release;
		};
		B3A35F912425A7EE00DD9B8E /* Build configuration list for PBXNativeTarget "05-KVC取值" */ = {
			isa = XCConfigurationList;
			buildConfigurations = (
				B3A35F922425A7EE00DD9B8E /* Debug */,
				B3A35F932425A7EE00DD9B8E /* Release */,
			);
			defaultConfigurationIsVisible = 0;
			defaultConfigurationName = Release;
		};
		B3A35FA22425AA7500DD9B8E /* Build configuration list for PBXNativeTarget "06-Block变量捕获" */ = {
			isa = XCConfigurationList;
			buildConfigurations = (
				B3A35FA32425AA7500DD9B8E /* Debug */,
				B3A35FA42425AA7500DD9B8E /* Release */,
			);
			defaultConfigurationIsVisible = 0;
			defaultConfigurationName = Release;
		};
/* End XCConfigurationList section */
	};
	rootObject = B35B82692424BCBB001060C5 /* Project object */;
}
