// !$*UTF8*$!
{
	archiveVersion = 1;
	classes = {
	};
	objectVersion = 50;
	objects = {

/* Begin PBXBuildFile section */
		B357A2D12428582E00DA97BC /* main.m in Sources */ = {isa = PBXBuildFile; fileRef = B357A2D02428582E00DA97BC /* main.m */; };
		B357A2D72428584A00DA97BC /* Test.m in Sources */ = {isa = PBXBuildFile; fileRef = B357A2D62428584A00DA97BC /* Test.m */; };
		B357A3082428697000DA97BC /* main.m in Sources */ = {isa = PBXBuildFile; fileRef = B357A3072428697000DA97BC /* main.m */; };
		B357A3132428699300DA97BC /* main.m in Sources */ = {isa = PBXBuildFile; fileRef = B357A3122428699300DA97BC /* main.m */; };
		B357A3192428876700DA97BC /* Person.m in Sources */ = {isa = PBXBuildFile; fileRef = B357A3182428876700DA97BC /* Person.m */; };
		B357A321242895AD00DA97BC /* main.m in Sources */ = {isa = PBXBuildFile; fileRef = B357A320242895AD00DA97BC /* main.m */; };
		B357A327242895BF00DA97BC /* Person.m in Sources */ = {isa = PBXBuildFile; fileRef = B357A326242895BF00DA97BC /* Person.m */; };
		B357A32A242895CF00DA97BC /* Student.m in Sources */ = {isa = PBXBuildFile; fileRef = B357A329242895CF00DA97BC /* Student.m */; };
		B357A330242895F600DA97BC /* Person+Category1.m in Sources */ = {isa = PBXBuildFile; fileRef = B357A32F242895F600DA97BC /* Person+Category1.m */; };
		B357A333242895FD00DA97BC /* Person+Category2.m in Sources */ = {isa = PBXBuildFile; fileRef = B357A332242895FD00DA97BC /* Person+Category2.m */; };
		B357A3362428962000DA97BC /* Student+Category1.m in Sources */ = {isa = PBXBuildFile; fileRef = B357A3352428962000DA97BC /* Student+Category1.m */; };
		B357A3392428962700DA97BC /* Student+Category2.m in Sources */ = {isa = PBXBuildFile; fileRef = B357A3382428962700DA97BC /* Student+Category2.m */; };
		B357A3412428A75500DA97BC /* main.m in Sources */ = {isa = PBXBuildFile; fileRef = B357A3402428A75500DA97BC /* main.m */; };
		B357A3512428A77E00DA97BC /* Student+Category1.m in Sources */ = {isa = PBXBuildFile; fileRef = B357A3482428A77D00DA97BC /* Student+Category1.m */; };
		B357A3522428A77E00DA97BC /* Person.m in Sources */ = {isa = PBXBuildFile; fileRef = B357A3492428A77D00DA97BC /* Person.m */; };
		B357A3532428A77E00DA97BC /* Person+Category2.m in Sources */ = {isa = PBXBuildFile; fileRef = B357A34B2428A77D00DA97BC /* Person+Category2.m */; };
		B357A3542428A77E00DA97BC /* Student.m in Sources */ = {isa = PBXBuildFile; fileRef = B357A34D2428A77E00DA97BC /* Student.m */; };
		B357A3552428A77E00DA97BC /* Student+Category2.m in Sources */ = {isa = PBXBuildFile; fileRef = B357A34E2428A77E00DA97BC /* Student+Category2.m */; };
		B357A3562428A77E00DA97BC /* Person+Category1.m in Sources */ = {isa = PBXBuildFile; fileRef = B357A3502428A77E00DA97BC /* Person+Category1.m */; };
		B357A3592428A8FE00DA97BC /* Teacher.m in Sources */ = {isa = PBXBuildFile; fileRef = B357A3582428A8FE00DA97BC /* Teacher.m */; };
		B357A3612428AE9400DA97BC /* main.m in Sources */ = {isa = PBXBuildFile; fileRef = B357A3602428AE9400DA97BC /* main.m */; };
		B357A3672428AEAA00DA97BC /* Person.m in Sources */ = {isa = PBXBuildFile; fileRef = B357A3662428AEAA00DA97BC /* Person.m */; };
		B357A36A2428AEC200DA97BC /* Person+Category1.m in Sources */ = {isa = PBXBuildFile; fileRef = B357A3692428AEC200DA97BC /* Person+Category1.m */; };
		B357A36D2428AF5800DA97BC /* Person+Category2.m in Sources */ = {isa = PBXBuildFile; fileRef = B357A36C2428AF5800DA97BC /* Person+Category2.m */; };
		B35B82752424BCBB001060C5 /* main.m in Sources */ = {isa = PBXBuildFile; fileRef = B35B82742424BCBB001060C5 /* main.m */; };
		B35B827D2424BCCA001060C5 /* RuntimeKit.m in Sources */ = {isa = PBXBuildFile; fileRef = B35B827C2424BCCA001060C5 /* RuntimeKit.m */; };
		B35B82802424C0FE001060C5 /* Person.m in Sources */ = {isa = PBXBuildFile; fileRef = B35B827F2424C0FE001060C5 /* Person.m */; };
		B35B82882424CE0C001060C5 /* main.m in Sources */ = {isa = PBXBuildFile; fileRef = B35B82872424CE0C001060C5 /* main.m */; };
		B35B828E2424CE43001060C5 /* Person.m in Sources */ = {isa = PBXBuildFile; fileRef = B35B828D2424CE43001060C5 /* Person.m */; };
		B35B82962424D1C2001060C5 /* main.m in Sources */ = {isa = PBXBuildFile; fileRef = B35B82952424D1C2001060C5 /* main.m */; };
		B35B829C2424D2B2001060C5 /* RuntimeKit.m in Sources */ = {isa = PBXBuildFile; fileRef = B35B829A2424D2B2001060C5 /* RuntimeKit.m */; };
		B35B829F2424D333001060C5 /* NSObject+ZCKVO.m in Sources */ = {isa = PBXBuildFile; fileRef = B35B829E2424D333001060C5 /* NSObject+ZCKVO.m */; };
		B35B82A22424D94F001060C5 /* ZCObserverInfo.m in Sources */ = {isa = PBXBuildFile; fileRef = B35B82A12424D94F001060C5 /* ZCObserverInfo.m */; };
		B3691C4D242A10FF001CAE33 /* main.m in Sources */ = {isa = PBXBuildFile; fileRef = B3691C4C242A10FF001CAE33 /* main.m */; };
		B3691C56242A1245001CAE33 /* UserModel.m in Sources */ = {isa = PBXBuildFile; fileRef = B3691C55242A1245001CAE33 /* UserModel.m */; };
		B3691C5E242A18AB001CAE33 /* main.m in Sources */ = {isa = PBXBuildFile; fileRef = B3691C5D242A18AB001CAE33 /* main.m */; };
		B3691C64242A18B6001CAE33 /* ZCPerson.m in Sources */ = {isa = PBXBuildFile; fileRef = B3691C63242A18B6001CAE33 /* ZCPerson.m */; };
		B3691C67242A18EE001CAE33 /* RuntimeKit.m in Sources */ = {isa = PBXBuildFile; fileRef = B3691C66242A18EE001CAE33 /* RuntimeKit.m */; };
		B3691C6A242A1A49001CAE33 /* Dog.m in Sources */ = {isa = PBXBuildFile; fileRef = B3691C69242A1A49001CAE33 /* Dog.m */; };
		B3A35F7C2425A31C00DD9B8E /* main.m in Sources */ = {isa = PBXBuildFile; fileRef = B3A35F7B2425A31C00DD9B8E /* main.m */; };
		B3A35F852425A49B00DD9B8E /* ZCObserver.m in Sources */ = {isa = PBXBuildFile; fileRef = B3A35F842425A49B00DD9B8E /* ZCObserver.m */; };
		B3A35F882425A67000DD9B8E /* Student.m in Sources */ = {isa = PBXBuildFile; fileRef = B3A35F872425A67000DD9B8E /* Student.m */; };
		B3A35F902425A7EE00DD9B8E /* main.m in Sources */ = {isa = PBXBuildFile; fileRef = B3A35F8F2425A7EE00DD9B8E /* main.m */; };
		B3A35F962425A85000DD9B8E /* Student.m in Sources */ = {isa = PBXBuildFile; fileRef = B3A35F952425A85000DD9B8E /* Student.m */; };
		B3A35F992425A8C200DD9B8E /* ZCObserver.m in Sources */ = {isa = PBXBuildFile; fileRef = B3A35F972425A8C100DD9B8E /* ZCObserver.m */; };
		B3A35FA12425AA7500DD9B8E /* main.m in Sources */ = {isa = PBXBuildFile; fileRef = B3A35FA02425AA7500DD9B8E /* main.m */; };
		ED361E8B242A366700F76D6C /* main.m in Sources */ = {isa = PBXBuildFile; fileRef = ED361E8A242A366700F76D6C /* main.m */; };
		ED361E94242A394100F76D6C /* PropertyModel.m in Sources */ = {isa = PBXBuildFile; fileRef = ED361E93242A394100F76D6C /* PropertyModel.m */; };
		ED361E97242A3A3900F76D6C /* RuntimeKit.m in Sources */ = {isa = PBXBuildFile; fileRef = ED361E96242A3A3900F76D6C /* RuntimeKit.m */; };
		ED361EB4242A47B500F76D6C /* main.m in Sources */ = {isa = PBXBuildFile; fileRef = ED361EB3242A47B500F76D6C /* main.m */; };
		ED387ED32428E7B200321E1D /* main.m in Sources */ = {isa = PBXBuildFile; fileRef = ED387ED22428E7B200321E1D /* main.m */; };
		ED387ED92428E7BD00321E1D /* Person.m in Sources */ = {isa = PBXBuildFile; fileRef = ED387ED82428E7BD00321E1D /* Person.m */; };
		ED387EDC2428E7CE00321E1D /* Person+Category.m in Sources */ = {isa = PBXBuildFile; fileRef = ED387EDB2428E7CE00321E1D /* Person+Category.m */; };
		ED40C5A5242B956500D335F0 /* main.m in Sources */ = {isa = PBXBuildFile; fileRef = ED40C5A4242B956500D335F0 /* main.m */; };
		ED40C5AB242B987E00D335F0 /* NSObject+Swizzling.m in Sources */ = {isa = PBXBuildFile; fileRef = ED40C5AA242B987E00D335F0 /* NSObject+Swizzling.m */; };
		ED40C5AE242B9C1200D335F0 /* NSArray+SafeCategory.m in Sources */ = {isa = PBXBuildFile; fileRef = ED40C5AD242B9C1200D335F0 /* NSArray+SafeCategory.m */; };
		ED40C5B6242BA74900D335F0 /* main.m in Sources */ = {isa = PBXBuildFile; fileRef = ED40C5B5242BA74900D335F0 /* main.m */; };
		ED40C5BC242BA8DA00D335F0 /* ZCPersonModel1.m in Sources */ = {isa = PBXBuildFile; fileRef = ED40C5BB242BA8DA00D335F0 /* ZCPersonModel1.m */; };
		ED40C5BF242BA8E600D335F0 /* ZCPersonModel2.m in Sources */ = {isa = PBXBuildFile; fileRef = ED40C5BE242BA8E600D335F0 /* ZCPersonModel2.m */; };
		ED40C5C2242BA8F900D335F0 /* ZCPersonModel3.m in Sources */ = {isa = PBXBuildFile; fileRef = ED40C5C1242BA8F900D335F0 /* ZCPersonModel3.m */; };
		ED40C5C5242BA90D00D335F0 /* ZCStudentModel.m in Sources */ = {isa = PBXBuildFile; fileRef = ED40C5C4242BA90D00D335F0 /* ZCStudentModel.m */; };
		ED40C5C8242BA91700D335F0 /* ZCBaseModel.m in Sources */ = {isa = PBXBuildFile; fileRef = ED40C5C7242BA91700D335F0 /* ZCBaseModel.m */; };
		ED67B17A2425213000010423 /* Person.m in Sources */ = {isa = PBXBuildFile; fileRef = ED67B1782425213000010423 /* Person.m */; };
		EDC1CBEE24267BF900488563 /* main.m in Sources */ = {isa = PBXBuildFile; fileRef = EDC1CBED24267BF900488563 /* main.m */; };
/* End PBXBuildFile section */

/* Begin PBXCopyFilesBuildPhase section */
		B357A2CC2428582E00DA97BC /* CopyFiles */ = {
			isa = PBXCopyFilesBuildPhase;
			buildActionMask = 2147483647;
			dstPath = /usr/share/man/man1/;
			dstSubfolderSpec = 0;
			files = (
			);
			runOnlyForDeploymentPostprocessing = 1;
		};
		B357A3032428697000DA97BC /* CopyFiles */ = {
			isa = PBXCopyFilesBuildPhase;
			buildActionMask = 2147483647;
			dstPath = /usr/share/man/man1/;
			dstSubfolderSpec = 0;
			files = (
			);
			runOnlyForDeploymentPostprocessing = 1;
		};
		B357A30E2428699300DA97BC /* CopyFiles */ = {
			isa = PBXCopyFilesBuildPhase;
			buildActionMask = 2147483647;
			dstPath = /usr/share/man/man1/;
			dstSubfolderSpec = 0;
			files = (
			);
			runOnlyForDeploymentPostprocessing = 1;
		};
		B357A31C242895AD00DA97BC /* CopyFiles */ = {
			isa = PBXCopyFilesBuildPhase;
			buildActionMask = 2147483647;
			dstPath = /usr/share/man/man1/;
			dstSubfolderSpec = 0;
			files = (
			);
			runOnlyForDeploymentPostprocessing = 1;
		};
		B357A33C2428A75500DA97BC /* CopyFiles */ = {
			isa = PBXCopyFilesBuildPhase;
			buildActionMask = 2147483647;
			dstPath = /usr/share/man/man1/;
			dstSubfolderSpec = 0;
			files = (
			);
			runOnlyForDeploymentPostprocessing = 1;
		};
		B357A35C2428AE9400DA97BC /* CopyFiles */ = {
			isa = PBXCopyFilesBuildPhase;
			buildActionMask = 2147483647;
			dstPath = /usr/share/man/man1/;
			dstSubfolderSpec = 0;
			files = (
			);
			runOnlyForDeploymentPostprocessing = 1;
		};
		B35B826F2424BCBB001060C5 /* CopyFiles */ = {
			isa = PBXCopyFilesBuildPhase;
			buildActionMask = 2147483647;
			dstPath = /usr/share/man/man1/;
			dstSubfolderSpec = 0;
			files = (
			);
			runOnlyForDeploymentPostprocessing = 1;
		};
		B35B82832424CE0C001060C5 /* CopyFiles */ = {
			isa = PBXCopyFilesBuildPhase;
			buildActionMask = 2147483647;
			dstPath = /usr/share/man/man1/;
			dstSubfolderSpec = 0;
			files = (
			);
			runOnlyForDeploymentPostprocessing = 1;
		};
		B35B82912424D1C2001060C5 /* CopyFiles */ = {
			isa = PBXCopyFilesBuildPhase;
			buildActionMask = 2147483647;
			dstPath = /usr/share/man/man1/;
			dstSubfolderSpec = 0;
			files = (
			);
			runOnlyForDeploymentPostprocessing = 1;
		};
		B3691C48242A10FF001CAE33 /* CopyFiles */ = {
			isa = PBXCopyFilesBuildPhase;
			buildActionMask = 2147483647;
			dstPath = /usr/share/man/man1/;
			dstSubfolderSpec = 0;
			files = (
			);
			runOnlyForDeploymentPostprocessing = 1;
		};
		B3691C59242A18AB001CAE33 /* CopyFiles */ = {
			isa = PBXCopyFilesBuildPhase;
			buildActionMask = 2147483647;
			dstPath = /usr/share/man/man1/;
			dstSubfolderSpec = 0;
			files = (
			);
			runOnlyForDeploymentPostprocessing = 1;
		};
		B3A35F772425A31C00DD9B8E /* CopyFiles */ = {
			isa = PBXCopyFilesBuildPhase;
			buildActionMask = 2147483647;
			dstPath = /usr/share/man/man1/;
			dstSubfolderSpec = 0;
			files = (
			);
			runOnlyForDeploymentPostprocessing = 1;
		};
		B3A35F8B2425A7EE00DD9B8E /* CopyFiles */ = {
			isa = PBXCopyFilesBuildPhase;
			buildActionMask = 2147483647;
			dstPath = /usr/share/man/man1/;
			dstSubfolderSpec = 0;
			files = (
			);
			runOnlyForDeploymentPostprocessing = 1;
		};
		B3A35F9C2425AA7500DD9B8E /* CopyFiles */ = {
			isa = PBXCopyFilesBuildPhase;
			buildActionMask = 2147483647;
			dstPath = /usr/share/man/man1/;
			dstSubfolderSpec = 0;
			files = (
			);
			runOnlyForDeploymentPostprocessing = 1;
		};
		ED361E86242A366700F76D6C /* CopyFiles */ = {
			isa = PBXCopyFilesBuildPhase;
			buildActionMask = 2147483647;
			dstPath = /usr/share/man/man1/;
			dstSubfolderSpec = 0;
			files = (
			);
			runOnlyForDeploymentPostprocessing = 1;
		};
		ED361EAF242A47B500F76D6C /* CopyFiles */ = {
			isa = PBXCopyFilesBuildPhase;
			buildActionMask = 2147483647;
			dstPath = /usr/share/man/man1/;
			dstSubfolderSpec = 0;
			files = (
			);
			runOnlyForDeploymentPostprocessing = 1;
		};
		ED387ECE2428E7B200321E1D /* CopyFiles */ = {
			isa = PBXCopyFilesBuildPhase;
			buildActionMask = 2147483647;
			dstPath = /usr/share/man/man1/;
			dstSubfolderSpec = 0;
			files = (
			);
			runOnlyForDeploymentPostprocessing = 1;
		};
		ED40C5A0242B956500D335F0 /* CopyFiles */ = {
			isa = PBXCopyFilesBuildPhase;
			buildActionMask = 2147483647;
			dstPath = /usr/share/man/man1/;
			dstSubfolderSpec = 0;
			files = (
			);
			runOnlyForDeploymentPostprocessing = 1;
		};
		ED40C5B1242BA74900D335F0 /* CopyFiles */ = {
			isa = PBXCopyFilesBuildPhase;
			buildActionMask = 2147483647;
			dstPath = /usr/share/man/man1/;
			dstSubfolderSpec = 0;
			files = (
			);
			runOnlyForDeploymentPostprocessing = 1;
		};
		EDC1CBE924267BF900488563 /* CopyFiles */ = {
			isa = PBXCopyFilesBuildPhase;
			buildActionMask = 2147483647;
			dstPath = /usr/share/man/man1/;
			dstSubfolderSpec = 0;
			files = (
			);
			runOnlyForDeploymentPostprocessing = 1;
		};
/* End PBXCopyFilesBuildPhase section */

/* Begin PBXFileReference section */
		B357A2CE2428582E00DA97BC /* 08-Block循环引用 */ = {isa = PBXFileReference; explicitFileType = "compiled.mach-o.executable"; includeInIndex = 0; path = "08-Block循环引用"; sourceTree = BUILT_PRODUCTS_DIR; };
		B357A2D02428582E00DA97BC /* main.m */ = {isa = PBXFileReference; lastKnownFileType = sourcecode.c.objc; path = main.m; sourceTree = "<group>"; };
		B357A2D52428584A00DA97BC /* Test.h */ = {isa = PBXFileReference; lastKnownFileType = sourcecode.c.h; path = Test.h; sourceTree = "<group>"; };
		B357A2D62428584A00DA97BC /* Test.m */ = {isa = PBXFileReference; lastKnownFileType = sourcecode.c.objc; path = Test.m; sourceTree = "<group>"; };
		B357A3052428697000DA97BC /* 09-Block拷贝ARC */ = {isa = PBXFileReference; explicitFileType = "compiled.mach-o.executable"; includeInIndex = 0; path = "09-Block拷贝ARC"; sourceTree = BUILT_PRODUCTS_DIR; };
		B357A3072428697000DA97BC /* main.m */ = {isa = PBXFileReference; lastKnownFileType = sourcecode.c.objc; path = main.m; sourceTree = "<group>"; };
		B357A3102428699300DA97BC /* 10-Block拷贝MRC */ = {isa = PBXFileReference; explicitFileType = "compiled.mach-o.executable"; includeInIndex = 0; path = "10-Block拷贝MRC"; sourceTree = BUILT_PRODUCTS_DIR; };
		B357A3122428699300DA97BC /* main.m */ = {isa = PBXFileReference; lastKnownFileType = sourcecode.c.objc; path = main.m; sourceTree = "<group>"; };
		B357A3172428876700DA97BC /* Person.h */ = {isa = PBXFileReference; lastKnownFileType = sourcecode.c.h; path = Person.h; sourceTree = "<group>"; };
		B357A3182428876700DA97BC /* Person.m */ = {isa = PBXFileReference; lastKnownFileType = sourcecode.c.objc; path = Person.m; sourceTree = "<group>"; };
		B357A31E242895AD00DA97BC /* 11-load */ = {isa = PBXFileReference; explicitFileType = "compiled.mach-o.executable"; includeInIndex = 0; path = "11-load"; sourceTree = BUILT_PRODUCTS_DIR; };
		B357A320242895AD00DA97BC /* main.m */ = {isa = PBXFileReference; lastKnownFileType = sourcecode.c.objc; path = main.m; sourceTree = "<group>"; };
		B357A325242895BF00DA97BC /* Person.h */ = {isa = PBXFileReference; lastKnownFileType = sourcecode.c.h; path = Person.h; sourceTree = "<group>"; };
		B357A326242895BF00DA97BC /* Person.m */ = {isa = PBXFileReference; lastKnownFileType = sourcecode.c.objc; path = Person.m; sourceTree = "<group>"; };
		B357A328242895CF00DA97BC /* Student.h */ = {isa = PBXFileReference; lastKnownFileType = sourcecode.c.h; path = Student.h; sourceTree = "<group>"; };
		B357A329242895CF00DA97BC /* Student.m */ = {isa = PBXFileReference; lastKnownFileType = sourcecode.c.objc; path = Student.m; sourceTree = "<group>"; };
		B357A32E242895F600DA97BC /* Person+Category1.h */ = {isa = PBXFileReference; lastKnownFileType = sourcecode.c.h; path = "Person+Category1.h"; sourceTree = "<group>"; };
		B357A32F242895F600DA97BC /* Person+Category1.m */ = {isa = PBXFileReference; lastKnownFileType = sourcecode.c.objc; path = "Person+Category1.m"; sourceTree = "<group>"; };
		B357A331242895FD00DA97BC /* Person+Category2.h */ = {isa = PBXFileReference; lastKnownFileType = sourcecode.c.h; path = "Person+Category2.h"; sourceTree = "<group>"; };
		B357A332242895FD00DA97BC /* Person+Category2.m */ = {isa = PBXFileReference; lastKnownFileType = sourcecode.c.objc; path = "Person+Category2.m"; sourceTree = "<group>"; };
		B357A3342428962000DA97BC /* Student+Category1.h */ = {isa = PBXFileReference; lastKnownFileType = sourcecode.c.h; path = "Student+Category1.h"; sourceTree = "<group>"; };
		B357A3352428962000DA97BC /* Student+Category1.m */ = {isa = PBXFileReference; lastKnownFileType = sourcecode.c.objc; path = "Student+Category1.m"; sourceTree = "<group>"; };
		B357A3372428962700DA97BC /* Student+Category2.h */ = {isa = PBXFileReference; lastKnownFileType = sourcecode.c.h; path = "Student+Category2.h"; sourceTree = "<group>"; };
		B357A3382428962700DA97BC /* Student+Category2.m */ = {isa = PBXFileReference; lastKnownFileType = sourcecode.c.objc; path = "Student+Category2.m"; sourceTree = "<group>"; };
		B357A33E2428A75500DA97BC /* 12-initialize */ = {isa = PBXFileReference; explicitFileType = "compiled.mach-o.executable"; includeInIndex = 0; path = "12-initialize"; sourceTree = BUILT_PRODUCTS_DIR; };
		B357A3402428A75500DA97BC /* main.m */ = {isa = PBXFileReference; lastKnownFileType = sourcecode.c.objc; path = main.m; sourceTree = "<group>"; };
		B357A3452428A77D00DA97BC /* Person+Category1.h */ = {isa = PBXFileReference; fileEncoding = 4; lastKnownFileType = sourcecode.c.h; path = "Person+Category1.h"; sourceTree = "<group>"; };
		B357A3462428A77D00DA97BC /* Person+Category2.h */ = {isa = PBXFileReference; fileEncoding = 4; lastKnownFileType = sourcecode.c.h; path = "Person+Category2.h"; sourceTree = "<group>"; };
		B357A3472428A77D00DA97BC /* Student+Category1.h */ = {isa = PBXFileReference; fileEncoding = 4; lastKnownFileType = sourcecode.c.h; path = "Student+Category1.h"; sourceTree = "<group>"; };
		B357A3482428A77D00DA97BC /* Student+Category1.m */ = {isa = PBXFileReference; fileEncoding = 4; lastKnownFileType = sourcecode.c.objc; path = "Student+Category1.m"; sourceTree = "<group>"; };
		B357A3492428A77D00DA97BC /* Person.m */ = {isa = PBXFileReference; fileEncoding = 4; lastKnownFileType = sourcecode.c.objc; path = Person.m; sourceTree = "<group>"; };
		B357A34A2428A77D00DA97BC /* Student+Category2.h */ = {isa = PBXFileReference; fileEncoding = 4; lastKnownFileType = sourcecode.c.h; path = "Student+Category2.h"; sourceTree = "<group>"; };
		B357A34B2428A77D00DA97BC /* Person+Category2.m */ = {isa = PBXFileReference; fileEncoding = 4; lastKnownFileType = sourcecode.c.objc; path = "Person+Category2.m"; sourceTree = "<group>"; };
		B357A34C2428A77E00DA97BC /* Student.h */ = {isa = PBXFileReference; fileEncoding = 4; lastKnownFileType = sourcecode.c.h; path = Student.h; sourceTree = "<group>"; };
		B357A34D2428A77E00DA97BC /* Student.m */ = {isa = PBXFileReference; fileEncoding = 4; lastKnownFileType = sourcecode.c.objc; path = Student.m; sourceTree = "<group>"; };
		B357A34E2428A77E00DA97BC /* Student+Category2.m */ = {isa = PBXFileReference; fileEncoding = 4; lastKnownFileType = sourcecode.c.objc; path = "Student+Category2.m"; sourceTree = "<group>"; };
		B357A34F2428A77E00DA97BC /* Person.h */ = {isa = PBXFileReference; fileEncoding = 4; lastKnownFileType = sourcecode.c.h; path = Person.h; sourceTree = "<group>"; };
		B357A3502428A77E00DA97BC /* Person+Category1.m */ = {isa = PBXFileReference; fileEncoding = 4; lastKnownFileType = sourcecode.c.objc; path = "Person+Category1.m"; sourceTree = "<group>"; };
		B357A3572428A8FE00DA97BC /* Teacher.h */ = {isa = PBXFileReference; lastKnownFileType = sourcecode.c.h; path = Teacher.h; sourceTree = "<group>"; };
		B357A3582428A8FE00DA97BC /* Teacher.m */ = {isa = PBXFileReference; lastKnownFileType = sourcecode.c.objc; path = Teacher.m; sourceTree = "<group>"; };
		B357A35E2428AE9400DA97BC /* 13-Category */ = {isa = PBXFileReference; explicitFileType = "compiled.mach-o.executable"; includeInIndex = 0; path = "13-Category"; sourceTree = BUILT_PRODUCTS_DIR; };
		B357A3602428AE9400DA97BC /* main.m */ = {isa = PBXFileReference; lastKnownFileType = sourcecode.c.objc; path = main.m; sourceTree = "<group>"; };
		B357A3652428AEAA00DA97BC /* Person.h */ = {isa = PBXFileReference; lastKnownFileType = sourcecode.c.h; path = Person.h; sourceTree = "<group>"; };
		B357A3662428AEAA00DA97BC /* Person.m */ = {isa = PBXFileReference; lastKnownFileType = sourcecode.c.objc; path = Person.m; sourceTree = "<group>"; };
		B357A3682428AEC200DA97BC /* Person+Category1.h */ = {isa = PBXFileReference; lastKnownFileType = sourcecode.c.h; path = "Person+Category1.h"; sourceTree = "<group>"; };
		B357A3692428AEC200DA97BC /* Person+Category1.m */ = {isa = PBXFileReference; lastKnownFileType = sourcecode.c.objc; path = "Person+Category1.m"; sourceTree = "<group>"; };
		B357A36B2428AF5800DA97BC /* Person+Category2.h */ = {isa = PBXFileReference; lastKnownFileType = sourcecode.c.h; path = "Person+Category2.h"; sourceTree = "<group>"; };
		B357A36C2428AF5800DA97BC /* Person+Category2.m */ = {isa = PBXFileReference; lastKnownFileType = sourcecode.c.objc; path = "Person+Category2.m"; sourceTree = "<group>"; };
		B35B82712424BCBB001060C5 /* 01-KVO */ = {isa = PBXFileReference; explicitFileType = "compiled.mach-o.executable"; includeInIndex = 0; path = "01-KVO"; sourceTree = BUILT_PRODUCTS_DIR; };
		B35B82742424BCBB001060C5 /* main.m */ = {isa = PBXFileReference; lastKnownFileType = sourcecode.c.objc; path = main.m; sourceTree = "<group>"; };
		B35B827B2424BCCA001060C5 /* RuntimeKit.h */ = {isa = PBXFileReference; lastKnownFileType = sourcecode.c.h; path = RuntimeKit.h; sourceTree = "<group>"; };
		B35B827C2424BCCA001060C5 /* RuntimeKit.m */ = {isa = PBXFileReference; lastKnownFileType = sourcecode.c.objc; path = RuntimeKit.m; sourceTree = "<group>"; };
		B35B827E2424C0FE001060C5 /* Person.h */ = {isa = PBXFileReference; lastKnownFileType = sourcecode.c.h; path = Person.h; sourceTree = "<group>"; };
		B35B827F2424C0FE001060C5 /* Person.m */ = {isa = PBXFileReference; lastKnownFileType = sourcecode.c.objc; path = Person.m; sourceTree = "<group>"; };
		B35B82852424CE0C001060C5 /* 02-手动调用KVO */ = {isa = PBXFileReference; explicitFileType = "compiled.mach-o.executable"; includeInIndex = 0; path = "02-手动调用KVO"; sourceTree = BUILT_PRODUCTS_DIR; };
		B35B82872424CE0C001060C5 /* main.m */ = {isa = PBXFileReference; lastKnownFileType = sourcecode.c.objc; path = main.m; sourceTree = "<group>"; };
		B35B828C2424CE43001060C5 /* Person.h */ = {isa = PBXFileReference; lastKnownFileType = sourcecode.c.h; path = Person.h; sourceTree = "<group>"; };
		B35B828D2424CE43001060C5 /* Person.m */ = {isa = PBXFileReference; lastKnownFileType = sourcecode.c.objc; path = Person.m; sourceTree = "<group>"; };
		B35B82932424D1C2001060C5 /* 03-自定义KVO实现 */ = {isa = PBXFileReference; explicitFileType = "compiled.mach-o.executable"; includeInIndex = 0; path = "03-自定义KVO实现"; sourceTree = BUILT_PRODUCTS_DIR; };
		B35B82952424D1C2001060C5 /* main.m */ = {isa = PBXFileReference; lastKnownFileType = sourcecode.c.objc; path = main.m; sourceTree = "<group>"; };
		B35B829A2424D2B2001060C5 /* RuntimeKit.m */ = {isa = PBXFileReference; fileEncoding = 4; lastKnownFileType = sourcecode.c.objc; name = RuntimeKit.m; path = "01-KVO原理解析/RuntimeKit.m"; sourceTree = SOURCE_ROOT; };
		B35B829B2424D2B2001060C5 /* RuntimeKit.h */ = {isa = PBXFileReference; fileEncoding = 4; lastKnownFileType = sourcecode.c.h; name = RuntimeKit.h; path = "01-KVO原理解析/RuntimeKit.h"; sourceTree = SOURCE_ROOT; };
		B35B829D2424D333001060C5 /* NSObject+ZCKVO.h */ = {isa = PBXFileReference; lastKnownFileType = sourcecode.c.h; path = "NSObject+ZCKVO.h"; sourceTree = "<group>"; };
		B35B829E2424D333001060C5 /* NSObject+ZCKVO.m */ = {isa = PBXFileReference; lastKnownFileType = sourcecode.c.objc; path = "NSObject+ZCKVO.m"; sourceTree = "<group>"; };
		B35B82A02424D94F001060C5 /* ZCObserverInfo.h */ = {isa = PBXFileReference; lastKnownFileType = sourcecode.c.h; path = ZCObserverInfo.h; sourceTree = "<group>"; };
		B35B82A12424D94F001060C5 /* ZCObserverInfo.m */ = {isa = PBXFileReference; lastKnownFileType = sourcecode.c.objc; path = ZCObserverInfo.m; sourceTree = "<group>"; };
		B3691C4A242A10FF001CAE33 /* 15-runtime添加ivar */ = {isa = PBXFileReference; explicitFileType = "compiled.mach-o.executable"; includeInIndex = 0; path = "15-runtime添加ivar"; sourceTree = BUILT_PRODUCTS_DIR; };
		B3691C4C242A10FF001CAE33 /* main.m */ = {isa = PBXFileReference; lastKnownFileType = sourcecode.c.objc; path = main.m; sourceTree = "<group>"; };
		B3691C54242A1245001CAE33 /* UserModel.h */ = {isa = PBXFileReference; lastKnownFileType = sourcecode.c.h; path = UserModel.h; sourceTree = "<group>"; };
		B3691C55242A1245001CAE33 /* UserModel.m */ = {isa = PBXFileReference; lastKnownFileType = sourcecode.c.objc; path = UserModel.m; sourceTree = "<group>"; };
		B3691C5B242A18AB001CAE33 /* 16-msgForward */ = {isa = PBXFileReference; explicitFileType = "compiled.mach-o.executable"; includeInIndex = 0; path = "16-msgForward"; sourceTree = BUILT_PRODUCTS_DIR; };
		B3691C5D242A18AB001CAE33 /* main.m */ = {isa = PBXFileReference; lastKnownFileType = sourcecode.c.objc; path = main.m; sourceTree = "<group>"; };
		B3691C62242A18B6001CAE33 /* ZCPerson.h */ = {isa = PBXFileReference; lastKnownFileType = sourcecode.c.h; path = ZCPerson.h; sourceTree = "<group>"; };
		B3691C63242A18B6001CAE33 /* ZCPerson.m */ = {isa = PBXFileReference; lastKnownFileType = sourcecode.c.objc; path = ZCPerson.m; sourceTree = "<group>"; };
		B3691C65242A18EE001CAE33 /* RuntimeKit.h */ = {isa = PBXFileReference; fileEncoding = 4; lastKnownFileType = sourcecode.c.h; name = RuntimeKit.h; path = "01-KVO原理解析/RuntimeKit.h"; sourceTree = SOURCE_ROOT; };
		B3691C66242A18EE001CAE33 /* RuntimeKit.m */ = {isa = PBXFileReference; fileEncoding = 4; lastKnownFileType = sourcecode.c.objc; name = RuntimeKit.m; path = "01-KVO原理解析/RuntimeKit.m"; sourceTree = SOURCE_ROOT; };
		B3691C68242A1A49001CAE33 /* Dog.h */ = {isa = PBXFileReference; lastKnownFileType = sourcecode.c.h; path = Dog.h; sourceTree = "<group>"; };
		B3691C69242A1A49001CAE33 /* Dog.m */ = {isa = PBXFileReference; lastKnownFileType = sourcecode.c.objc; path = Dog.m; sourceTree = "<group>"; };
		B3A35F792425A31C00DD9B8E /* 04-KVC */ = {isa = PBXFileReference; explicitFileType = "compiled.mach-o.executable"; includeInIndex = 0; path = "04-KVC"; sourceTree = BUILT_PRODUCTS_DIR; };
		B3A35F7B2425A31C00DD9B8E /* main.m */ = {isa = PBXFileReference; lastKnownFileType = sourcecode.c.objc; path = main.m; sourceTree = "<group>"; };
		B3A35F832425A49B00DD9B8E /* ZCObserver.h */ = {isa = PBXFileReference; lastKnownFileType = sourcecode.c.h; path = ZCObserver.h; sourceTree = "<group>"; };
		B3A35F842425A49B00DD9B8E /* ZCObserver.m */ = {isa = PBXFileReference; lastKnownFileType = sourcecode.c.objc; path = ZCObserver.m; sourceTree = "<group>"; };
		B3A35F862425A67000DD9B8E /* Student.h */ = {isa = PBXFileReference; lastKnownFileType = sourcecode.c.h; path = Student.h; sourceTree = "<group>"; };
		B3A35F872425A67000DD9B8E /* Student.m */ = {isa = PBXFileReference; lastKnownFileType = sourcecode.c.objc; path = Student.m; sourceTree = "<group>"; };
		B3A35F8D2425A7EE00DD9B8E /* 05-KVC取值 */ = {isa = PBXFileReference; explicitFileType = "compiled.mach-o.executable"; includeInIndex = 0; path = "05-KVC取值"; sourceTree = BUILT_PRODUCTS_DIR; };
		B3A35F8F2425A7EE00DD9B8E /* main.m */ = {isa = PBXFileReference; lastKnownFileType = sourcecode.c.objc; path = main.m; sourceTree = "<group>"; };
		B3A35F942425A85000DD9B8E /* Student.h */ = {isa = PBXFileReference; lastKnownFileType = sourcecode.c.h; path = Student.h; sourceTree = "<group>"; };
		B3A35F952425A85000DD9B8E /* Student.m */ = {isa = PBXFileReference; lastKnownFileType = sourcecode.c.objc; path = Student.m; sourceTree = "<group>"; };
		B3A35F972425A8C100DD9B8E /* ZCObserver.m */ = {isa = PBXFileReference; fileEncoding = 4; lastKnownFileType = sourcecode.c.objc; name = ZCObserver.m; path = "04-KVC赋值/ZCObserver.m"; sourceTree = SOURCE_ROOT; };
		B3A35F982425A8C100DD9B8E /* ZCObserver.h */ = {isa = PBXFileReference; fileEncoding = 4; lastKnownFileType = sourcecode.c.h; name = ZCObserver.h; path = "04-KVC赋值/ZCObserver.h"; sourceTree = SOURCE_ROOT; };
		B3A35F9E2425AA7500DD9B8E /* 06-Block变量捕获 */ = {isa = PBXFileReference; explicitFileType = "compiled.mach-o.executable"; includeInIndex = 0; path = "06-Block变量捕获"; sourceTree = BUILT_PRODUCTS_DIR; };
		B3A35FA02425AA7500DD9B8E /* main.m */ = {isa = PBXFileReference; lastKnownFileType = sourcecode.c.objc; path = main.m; sourceTree = "<group>"; };
		B3A35FA52425AE2800DD9B8E /* main.cpp */ = {isa = PBXFileReference; fileEncoding = 4; lastKnownFileType = sourcecode.cpp.cpp; path = main.cpp; sourceTree = "<group>"; };
		ED361E88242A366700F76D6C /* 17-类添加property变化 */ = {isa = PBXFileReference; explicitFileType = "compiled.mach-o.executable"; includeInIndex = 0; path = "17-类添加property变化"; sourceTree = BUILT_PRODUCTS_DIR; };
		ED361E8A242A366700F76D6C /* main.m */ = {isa = PBXFileReference; lastKnownFileType = sourcecode.c.objc; path = main.m; sourceTree = "<group>"; };
		ED361E92242A394100F76D6C /* PropertyModel.h */ = {isa = PBXFileReference; lastKnownFileType = sourcecode.c.h; path = PropertyModel.h; sourceTree = "<group>"; };
		ED361E93242A394100F76D6C /* PropertyModel.m */ = {isa = PBXFileReference; lastKnownFileType = sourcecode.c.objc; path = PropertyModel.m; sourceTree = "<group>"; };
		ED361E95242A3A3900F76D6C /* RuntimeKit.h */ = {isa = PBXFileReference; fileEncoding = 4; lastKnownFileType = sourcecode.c.h; path = RuntimeKit.h; sourceTree = "<group>"; };
		ED361E96242A3A3900F76D6C /* RuntimeKit.m */ = {isa = PBXFileReference; fileEncoding = 4; lastKnownFileType = sourcecode.c.objc; path = RuntimeKit.m; sourceTree = "<group>"; };
		ED361EB1242A47B500F76D6C /* 18-Runtime实现weak */ = {isa = PBXFileReference; explicitFileType = "compiled.mach-o.executable"; includeInIndex = 0; path = "18-Runtime实现weak"; sourceTree = BUILT_PRODUCTS_DIR; };
		ED361EB3242A47B500F76D6C /* main.m */ = {isa = PBXFileReference; lastKnownFileType = sourcecode.c.objc; path = main.m; sourceTree = "<group>"; };
		ED387ED02428E7B200321E1D /* 14-Category关联对象 */ = {isa = PBXFileReference; explicitFileType = "compiled.mach-o.executable"; includeInIndex = 0; path = "14-Category关联对象"; sourceTree = BUILT_PRODUCTS_DIR; };
		ED387ED22428E7B200321E1D /* main.m */ = {isa = PBXFileReference; lastKnownFileType = sourcecode.c.objc; path = main.m; sourceTree = "<group>"; };
		ED387ED72428E7BD00321E1D /* Person.h */ = {isa = PBXFileReference; lastKnownFileType = sourcecode.c.h; path = Person.h; sourceTree = "<group>"; };
		ED387ED82428E7BD00321E1D /* Person.m */ = {isa = PBXFileReference; lastKnownFileType = sourcecode.c.objc; path = Person.m; sourceTree = "<group>"; };
		ED387EDA2428E7CE00321E1D /* Person+Category.h */ = {isa = PBXFileReference; lastKnownFileType = sourcecode.c.h; path = "Person+Category.h"; sourceTree = "<group>"; };
		ED387EDB2428E7CE00321E1D /* Person+Category.m */ = {isa = PBXFileReference; lastKnownFileType = sourcecode.c.objc; path = "Person+Category.m"; sourceTree = "<group>"; };
		ED40C5A2242B956500D335F0 /* 19-Method-Swizzling */ = {isa = PBXFileReference; explicitFileType = "compiled.mach-o.executable"; includeInIndex = 0; path = "19-Method-Swizzling"; sourceTree = BUILT_PRODUCTS_DIR; };
		ED40C5A4242B956500D335F0 /* main.m */ = {isa = PBXFileReference; lastKnownFileType = sourcecode.c.objc; path = main.m; sourceTree = "<group>"; };
		ED40C5A9242B987E00D335F0 /* NSObject+Swizzling.h */ = {isa = PBXFileReference; lastKnownFileType = sourcecode.c.h; path = "NSObject+Swizzling.h"; sourceTree = "<group>"; };
		ED40C5AA242B987E00D335F0 /* NSObject+Swizzling.m */ = {isa = PBXFileReference; lastKnownFileType = sourcecode.c.objc; path = "NSObject+Swizzling.m"; sourceTree = "<group>"; };
		ED40C5AC242B9C1200D335F0 /* NSArray+SafeCategory.h */ = {isa = PBXFileReference; lastKnownFileType = sourcecode.c.h; path = "NSArray+SafeCategory.h"; sourceTree = "<group>"; };
		ED40C5AD242B9C1200D335F0 /* NSArray+SafeCategory.m */ = {isa = PBXFileReference; lastKnownFileType = sourcecode.c.objc; path = "NSArray+SafeCategory.m"; sourceTree = "<group>"; };
		ED40C5B3242BA74900D335F0 /* 20-字典转模型 */ = {isa = PBXFileReference; explicitFileType = "compiled.mach-o.executable"; includeInIndex = 0; path = "20-字典转模型"; sourceTree = BUILT_PRODUCTS_DIR; };
		ED40C5B5242BA74900D335F0 /* main.m */ = {isa = PBXFileReference; lastKnownFileType = sourcecode.c.objc; path = main.m; sourceTree = "<group>"; };
		ED40C5BA242BA8DA00D335F0 /* ZCPersonModel1.h */ = {isa = PBXFileReference; lastKnownFileType = sourcecode.c.h; path = ZCPersonModel1.h; sourceTree = "<group>"; };
		ED40C5BB242BA8DA00D335F0 /* ZCPersonModel1.m */ = {isa = PBXFileReference; lastKnownFileType = sourcecode.c.objc; path = ZCPersonModel1.m; sourceTree = "<group>"; };
		ED40C5BD242BA8E600D335F0 /* ZCPersonModel2.h */ = {isa = PBXFileReference; lastKnownFileType = sourcecode.c.h; path = ZCPersonModel2.h; sourceTree = "<group>"; };
		ED40C5BE242BA8E600D335F0 /* ZCPersonModel2.m */ = {isa = PBXFileReference; lastKnownFileType = sourcecode.c.objc; path = ZCPersonModel2.m; sourceTree = "<group>"; };
		ED40C5C0242BA8F900D335F0 /* ZCPersonModel3.h */ = {isa = PBXFileReference; lastKnownFileType = sourcecode.c.h; path = ZCPersonModel3.h; sourceTree = "<group>"; };
		ED40C5C1242BA8F900D335F0 /* ZCPersonModel3.m */ = {isa = PBXFileReference; lastKnownFileType = sourcecode.c.objc; path = ZCPersonModel3.m; sourceTree = "<group>"; };
		ED40C5C3242BA90D00D335F0 /* ZCStudentModel.h */ = {isa = PBXFileReference; lastKnownFileType = sourcecode.c.h; path = ZCStudentModel.h; sourceTree = "<group>"; };
		ED40C5C4242BA90D00D335F0 /* ZCStudentModel.m */ = {isa = PBXFileReference; lastKnownFileType = sourcecode.c.objc; path = ZCStudentModel.m; sourceTree = "<group>"; };
		ED40C5C6242BA91700D335F0 /* ZCBaseModel.h */ = {isa = PBXFileReference; lastKnownFileType = sourcecode.c.h; path = ZCBaseModel.h; sourceTree = "<group>"; };
		ED40C5C7242BA91700D335F0 /* ZCBaseModel.m */ = {isa = PBXFileReference; lastKnownFileType = sourcecode.c.objc; path = ZCBaseModel.m; sourceTree = "<group>"; };
		ED67B1782425213000010423 /* Person.m */ = {isa = PBXFileReference; fileEncoding = 4; lastKnownFileType = sourcecode.c.objc; name = Person.m; path = "01-KVO原理解析/Person.m"; sourceTree = SOURCE_ROOT; };
		ED67B1792425213000010423 /* Person.h */ = {isa = PBXFileReference; fileEncoding = 4; lastKnownFileType = sourcecode.c.h; name = Person.h; path = "01-KVO原理解析/Person.h"; sourceTree = SOURCE_ROOT; };
		ED9D9B5324277CE7006A42A9 /* main.cpp */ = {isa = PBXFileReference; fileEncoding = 4; lastKnownFileType = sourcecode.cpp.cpp; path = main.cpp; sourceTree = "<group>"; };
		EDC1CBEB24267BF900488563 /* 07-__block修饰符 */ = {isa = PBXFileReference; explicitFileType = "compiled.mach-o.executable"; includeInIndex = 0; path = "07-__block修饰符"; sourceTree = BUILT_PRODUCTS_DIR; };
		EDC1CBED24267BF900488563 /* main.m */ = {isa = PBXFileReference; lastKnownFileType = sourcecode.c.objc; path = main.m; sourceTree = "<group>"; };
/* End PBXFileReference section */

/* Begin PBXFrameworksBuildPhase section */
		B357A2CB2428582E00DA97BC /* Frameworks */ = {
			isa = PBXFrameworksBuildPhase;
			buildActionMask = 2147483647;
			files = (
			);
			runOnlyForDeploymentPostprocessing = 0;
		};
		B357A3022428697000DA97BC /* Frameworks */ = {
			isa = PBXFrameworksBuildPhase;
			buildActionMask = 2147483647;
			files = (
			);
			runOnlyForDeploymentPostprocessing = 0;
		};
		B357A30D2428699300DA97BC /* Frameworks */ = {
			isa = PBXFrameworksBuildPhase;
			buildActionMask = 2147483647;
			files = (
			);
			runOnlyForDeploymentPostprocessing = 0;
		};
		B357A31B242895AD00DA97BC /* Frameworks */ = {
			isa = PBXFrameworksBuildPhase;
			buildActionMask = 2147483647;
			files = (
			);
			runOnlyForDeploymentPostprocessing = 0;
		};
		B357A33B2428A75500DA97BC /* Frameworks */ = {
			isa = PBXFrameworksBuildPhase;
			buildActionMask = 2147483647;
			files = (
			);
			runOnlyForDeploymentPostprocessing = 0;
		};
		B357A35B2428AE9400DA97BC /* Frameworks */ = {
			isa = PBXFrameworksBuildPhase;
			buildActionMask = 2147483647;
			files = (
			);
			runOnlyForDeploymentPostprocessing = 0;
		};
		B35B826E2424BCBB001060C5 /* Frameworks */ = {
			isa = PBXFrameworksBuildPhase;
			buildActionMask = 2147483647;
			files = (
			);
			runOnlyForDeploymentPostprocessing = 0;
		};
		B35B82822424CE0C001060C5 /* Frameworks */ = {
			isa = PBXFrameworksBuildPhase;
			buildActionMask = 2147483647;
			files = (
			);
			runOnlyForDeploymentPostprocessing = 0;
		};
		B35B82902424D1C2001060C5 /* Frameworks */ = {
			isa = PBXFrameworksBuildPhase;
			buildActionMask = 2147483647;
			files = (
			);
			runOnlyForDeploymentPostprocessing = 0;
		};
		B3691C47242A10FF001CAE33 /* Frameworks */ = {
			isa = PBXFrameworksBuildPhase;
			buildActionMask = 2147483647;
			files = (
			);
			runOnlyForDeploymentPostprocessing = 0;
		};
		B3691C58242A18AB001CAE33 /* Frameworks */ = {
			isa = PBXFrameworksBuildPhase;
			buildActionMask = 2147483647;
			files = (
			);
			runOnlyForDeploymentPostprocessing = 0;
		};
		B3A35F762425A31C00DD9B8E /* Frameworks */ = {
			isa = PBXFrameworksBuildPhase;
			buildActionMask = 2147483647;
			files = (
			);
			runOnlyForDeploymentPostprocessing = 0;
		};
		B3A35F8A2425A7EE00DD9B8E /* Frameworks */ = {
			isa = PBXFrameworksBuildPhase;
			buildActionMask = 2147483647;
			files = (
			);
			runOnlyForDeploymentPostprocessing = 0;
		};
		B3A35F9B2425AA7500DD9B8E /* Frameworks */ = {
			isa = PBXFrameworksBuildPhase;
			buildActionMask = 2147483647;
			files = (
			);
			runOnlyForDeploymentPostprocessing = 0;
		};
		ED361E85242A366700F76D6C /* Frameworks */ = {
			isa = PBXFrameworksBuildPhase;
			buildActionMask = 2147483647;
			files = (
			);
			runOnlyForDeploymentPostprocessing = 0;
		};
		ED361EAE242A47B500F76D6C /* Frameworks */ = {
			isa = PBXFrameworksBuildPhase;
			buildActionMask = 2147483647;
			files = (
			);
			runOnlyForDeploymentPostprocessing = 0;
		};
		ED387ECD2428E7B200321E1D /* Frameworks */ = {
			isa = PBXFrameworksBuildPhase;
			buildActionMask = 2147483647;
			files = (
			);
			runOnlyForDeploymentPostprocessing = 0;
		};
		ED40C59F242B956500D335F0 /* Frameworks */ = {
			isa = PBXFrameworksBuildPhase;
			buildActionMask = 2147483647;
			files = (
			);
			runOnlyForDeploymentPostprocessing = 0;
		};
		ED40C5B0242BA74900D335F0 /* Frameworks */ = {
			isa = PBXFrameworksBuildPhase;
			buildActionMask = 2147483647;
			files = (
			);
			runOnlyForDeploymentPostprocessing = 0;
		};
		EDC1CBE824267BF900488563 /* Frameworks */ = {
			isa = PBXFrameworksBuildPhase;
			buildActionMask = 2147483647;
			files = (
			);
			runOnlyForDeploymentPostprocessing = 0;
		};
/* End PBXFrameworksBuildPhase section */

/* Begin PBXGroup section */
		B357A2CF2428582E00DA97BC /* 08-Block循环引用 */ = {
			isa = PBXGroup;
			children = (
				B357A2D02428582E00DA97BC /* main.m */,
				B357A2D52428584A00DA97BC /* Test.h */,
				B357A2D62428584A00DA97BC /* Test.m */,
			);
			path = "08-Block循环引用";
			sourceTree = "<group>";
		};
		B357A3062428697000DA97BC /* 09-Block拷贝ARC */ = {
			isa = PBXGroup;
			children = (
				B357A3072428697000DA97BC /* main.m */,
			);
			path = "09-Block拷贝ARC";
			sourceTree = "<group>";
		};
		B357A3112428699300DA97BC /* 10-Block拷贝MRC */ = {
			isa = PBXGroup;
			children = (
				B357A3122428699300DA97BC /* main.m */,
				B357A3172428876700DA97BC /* Person.h */,
				B357A3182428876700DA97BC /* Person.m */,
			);
			path = "10-Block拷贝MRC";
			sourceTree = "<group>";
		};
		B357A31F242895AD00DA97BC /* 11-load */ = {
			isa = PBXGroup;
			children = (
				B357A320242895AD00DA97BC /* main.m */,
				B357A325242895BF00DA97BC /* Person.h */,
				B357A326242895BF00DA97BC /* Person.m */,
				B357A32E242895F600DA97BC /* Person+Category1.h */,
				B357A32F242895F600DA97BC /* Person+Category1.m */,
				B357A331242895FD00DA97BC /* Person+Category2.h */,
				B357A332242895FD00DA97BC /* Person+Category2.m */,
				B357A328242895CF00DA97BC /* Student.h */,
				B357A329242895CF00DA97BC /* Student.m */,
				B357A3342428962000DA97BC /* Student+Category1.h */,
				B357A3352428962000DA97BC /* Student+Category1.m */,
				B357A3372428962700DA97BC /* Student+Category2.h */,
				B357A3382428962700DA97BC /* Student+Category2.m */,
			);
			path = "11-load";
			sourceTree = "<group>";
		};
		B357A33F2428A75500DA97BC /* 12-initialize */ = {
			isa = PBXGroup;
			children = (
				B357A3402428A75500DA97BC /* main.m */,
				B357A34F2428A77E00DA97BC /* Person.h */,
				B357A3492428A77D00DA97BC /* Person.m */,
				B357A3452428A77D00DA97BC /* Person+Category1.h */,
				B357A3502428A77E00DA97BC /* Person+Category1.m */,
				B357A3462428A77D00DA97BC /* Person+Category2.h */,
				B357A34B2428A77D00DA97BC /* Person+Category2.m */,
				B357A34C2428A77E00DA97BC /* Student.h */,
				B357A34D2428A77E00DA97BC /* Student.m */,
				B357A3472428A77D00DA97BC /* Student+Category1.h */,
				B357A3482428A77D00DA97BC /* Student+Category1.m */,
				B357A34A2428A77D00DA97BC /* Student+Category2.h */,
				B357A34E2428A77E00DA97BC /* Student+Category2.m */,
				B357A3572428A8FE00DA97BC /* Teacher.h */,
				B357A3582428A8FE00DA97BC /* Teacher.m */,
			);
			path = "12-initialize";
			sourceTree = "<group>";
		};
		B357A35F2428AE9400DA97BC /* 13-Category */ = {
			isa = PBXGroup;
			children = (
				B357A3602428AE9400DA97BC /* main.m */,
				B357A3652428AEAA00DA97BC /* Person.h */,
				B357A3662428AEAA00DA97BC /* Person.m */,
				B357A3682428AEC200DA97BC /* Person+Category1.h */,
				B357A3692428AEC200DA97BC /* Person+Category1.m */,
				B357A36B2428AF5800DA97BC /* Person+Category2.h */,
				B357A36C2428AF5800DA97BC /* Person+Category2.m */,
			);
			path = "13-Category";
			sourceTree = "<group>";
		};
		B35B82682424BCBB001060C5 = {
			isa = PBXGroup;
			children = (
				B35B82732424BCBB001060C5 /* 01-KVO原理解析 */,
				B35B82862424CE0C001060C5 /* 02-手动调用KVO */,
				B35B82942424D1C2001060C5 /* 03-自定义KVO实现 */,
				B3A35F7A2425A31C00DD9B8E /* 04-KVC赋值 */,
				B3A35F8E2425A7EE00DD9B8E /* 05-KVC取值 */,
				B3A35F9F2425AA7500DD9B8E /* 06-Block变量捕获 */,
				EDC1CBEC24267BF900488563 /* 07-__block修饰符 */,
				B357A2CF2428582E00DA97BC /* 08-Block循环引用 */,
				B357A3062428697000DA97BC /* 09-Block拷贝ARC */,
				B357A3112428699300DA97BC /* 10-Block拷贝MRC */,
				B357A31F242895AD00DA97BC /* 11-load */,
				B357A33F2428A75500DA97BC /* 12-initialize */,
				B357A35F2428AE9400DA97BC /* 13-Category */,
				ED387ED12428E7B200321E1D /* 14-Category关联对象 */,
				B3691C4B242A10FF001CAE33 /* 15-runtime添加ivar */,
				B3691C5C242A18AB001CAE33 /* 16-msgForward */,
				ED361E89242A366700F76D6C /* 17-类添加property变化 */,
				ED361EB2242A47B500F76D6C /* 18-Runtime实现weak */,
				ED40C5A3242B956500D335F0 /* 19-Method-Swizzling */,
				ED40C5B4242BA74900D335F0 /* 20-字典转模型 */,
				B35B82722424BCBB001060C5 /* Products */,
			);
			sourceTree = "<group>";
		};
		B35B82722424BCBB001060C5 /* Products */ = {
			isa = PBXGroup;
			children = (
				B35B82712424BCBB001060C5 /* 01-KVO */,
				B35B82852424CE0C001060C5 /* 02-手动调用KVO */,
				B35B82932424D1C2001060C5 /* 03-自定义KVO实现 */,
				B3A35F792425A31C00DD9B8E /* 04-KVC */,
				B3A35F8D2425A7EE00DD9B8E /* 05-KVC取值 */,
				B3A35F9E2425AA7500DD9B8E /* 06-Block变量捕获 */,
				EDC1CBEB24267BF900488563 /* 07-__block修饰符 */,
				B357A2CE2428582E00DA97BC /* 08-Block循环引用 */,
				B357A3052428697000DA97BC /* 09-Block拷贝ARC */,
				B357A3102428699300DA97BC /* 10-Block拷贝MRC */,
				B357A31E242895AD00DA97BC /* 11-load */,
				B357A33E2428A75500DA97BC /* 12-initialize */,
				B357A35E2428AE9400DA97BC /* 13-Category */,
				ED387ED02428E7B200321E1D /* 14-Category关联对象 */,
				B3691C4A242A10FF001CAE33 /* 15-runtime添加ivar */,
				B3691C5B242A18AB001CAE33 /* 16-msgForward */,
				ED361E88242A366700F76D6C /* 17-类添加property变化 */,
				ED361EB1242A47B500F76D6C /* 18-Runtime实现weak */,
				ED40C5A2242B956500D335F0 /* 19-Method-Swizzling */,
				ED40C5B3242BA74900D335F0 /* 20-字典转模型 */,
			);
			name = Products;
			sourceTree = "<group>";
		};
		B35B82732424BCBB001060C5 /* 01-KVO原理解析 */ = {
			isa = PBXGroup;
			children = (
				B35B82742424BCBB001060C5 /* main.m */,
				B35B827B2424BCCA001060C5 /* RuntimeKit.h */,
				B35B827C2424BCCA001060C5 /* RuntimeKit.m */,
				B35B827E2424C0FE001060C5 /* Person.h */,
				B35B827F2424C0FE001060C5 /* Person.m */,
			);
			path = "01-KVO原理解析";
			sourceTree = "<group>";
		};
		B35B82862424CE0C001060C5 /* 02-手动调用KVO */ = {
			isa = PBXGroup;
			children = (
				B35B82872424CE0C001060C5 /* main.m */,
				B35B828C2424CE43001060C5 /* Person.h */,
				B35B828D2424CE43001060C5 /* Person.m */,
			);
			path = "02-手动调用KVO";
			sourceTree = "<group>";
		};
		B35B82942424D1C2001060C5 /* 03-自定义KVO实现 */ = {
			isa = PBXGroup;
			children = (
				B35B82952424D1C2001060C5 /* main.m */,
				ED67B1792425213000010423 /* Person.h */,
				ED67B1782425213000010423 /* Person.m */,
				B35B829D2424D333001060C5 /* NSObject+ZCKVO.h */,
				B35B829E2424D333001060C5 /* NSObject+ZCKVO.m */,
				B35B82A02424D94F001060C5 /* ZCObserverInfo.h */,
				B35B82A12424D94F001060C5 /* ZCObserverInfo.m */,
				B35B829B2424D2B2001060C5 /* RuntimeKit.h */,
				B35B829A2424D2B2001060C5 /* RuntimeKit.m */,
			);
			path = "03-自定义KVO实现";
			sourceTree = "<group>";
		};
		B3691C4B242A10FF001CAE33 /* 15-runtime添加ivar */ = {
			isa = PBXGroup;
			children = (
				B3691C4C242A10FF001CAE33 /* main.m */,
				B3691C54242A1245001CAE33 /* UserModel.h */,
				B3691C55242A1245001CAE33 /* UserModel.m */,
			);
			path = "15-runtime添加ivar";
			sourceTree = "<group>";
		};
		B3691C5C242A18AB001CAE33 /* 16-msgForward */ = {
			isa = PBXGroup;
			children = (
				B3691C5D242A18AB001CAE33 /* main.m */,
				B3691C62242A18B6001CAE33 /* ZCPerson.h */,
				B3691C63242A18B6001CAE33 /* ZCPerson.m */,
				B3691C68242A1A49001CAE33 /* Dog.h */,
				B3691C69242A1A49001CAE33 /* Dog.m */,
				B3691C65242A18EE001CAE33 /* RuntimeKit.h */,
				B3691C66242A18EE001CAE33 /* RuntimeKit.m */,
			);
			path = "16-msgForward";
			sourceTree = "<group>";
		};
		B3A35F7A2425A31C00DD9B8E /* 04-KVC赋值 */ = {
			isa = PBXGroup;
			children = (
				B3A35F7B2425A31C00DD9B8E /* main.m */,
				B3A35F862425A67000DD9B8E /* Student.h */,
				B3A35F872425A67000DD9B8E /* Student.m */,
				B3A35F832425A49B00DD9B8E /* ZCObserver.h */,
				B3A35F842425A49B00DD9B8E /* ZCObserver.m */,
			);
			path = "04-KVC赋值";
			sourceTree = "<group>";
		};
		B3A35F8E2425A7EE00DD9B8E /* 05-KVC取值 */ = {
			isa = PBXGroup;
			children = (
				B3A35F8F2425A7EE00DD9B8E /* main.m */,
				B3A35F942425A85000DD9B8E /* Student.h */,
				B3A35F952425A85000DD9B8E /* Student.m */,
				B3A35F982425A8C100DD9B8E /* ZCObserver.h */,
				B3A35F972425A8C100DD9B8E /* ZCObserver.m */,
			);
			path = "05-KVC取值";
			sourceTree = "<group>";
		};
		B3A35F9F2425AA7500DD9B8E /* 06-Block变量捕获 */ = {
			isa = PBXGroup;
			children = (
				B3A35FA02425AA7500DD9B8E /* main.m */,
				B3A35FA52425AE2800DD9B8E /* main.cpp */,
			);
			path = "06-Block变量捕获";
			sourceTree = "<group>";
		};
		ED361E89242A366700F76D6C /* 17-类添加property变化 */ = {
			isa = PBXGroup;
			children = (
				ED361E8A242A366700F76D6C /* main.m */,
				ED361E95242A3A3900F76D6C /* RuntimeKit.h */,
				ED361E96242A3A3900F76D6C /* RuntimeKit.m */,
				ED361E92242A394100F76D6C /* PropertyModel.h */,
				ED361E93242A394100F76D6C /* PropertyModel.m */,
			);
			path = "17-类添加property变化";
			sourceTree = "<group>";
		};
		ED361EB2242A47B500F76D6C /* 18-Runtime实现weak */ = {
			isa = PBXGroup;
			children = (
				ED361EB3242A47B500F76D6C /* main.m */,
			);
			path = "18-Runtime实现weak";
			sourceTree = "<group>";
		};
		ED387ED12428E7B200321E1D /* 14-Category关联对象 */ = {
			isa = PBXGroup;
			children = (
				ED387ED22428E7B200321E1D /* main.m */,
				ED387ED72428E7BD00321E1D /* Person.h */,
				ED387ED82428E7BD00321E1D /* Person.m */,
				ED387EDA2428E7CE00321E1D /* Person+Category.h */,
				ED387EDB2428E7CE00321E1D /* Person+Category.m */,
			);
			path = "14-Category关联对象";
			sourceTree = "<group>";
		};
		ED40C5A3242B956500D335F0 /* 19-Method-Swizzling */ = {
			isa = PBXGroup;
			children = (
				ED40C5A4242B956500D335F0 /* main.m */,
				ED40C5A9242B987E00D335F0 /* NSObject+Swizzling.h */,
				ED40C5AA242B987E00D335F0 /* NSObject+Swizzling.m */,
				ED40C5AC242B9C1200D335F0 /* NSArray+SafeCategory.h */,
				ED40C5AD242B9C1200D335F0 /* NSArray+SafeCategory.m */,
			);
			path = "19-Method-Swizzling";
			sourceTree = "<group>";
		};
		ED40C5B4242BA74900D335F0 /* 20-字典转模型 */ = {
			isa = PBXGroup;
			children = (
				ED40C5B5242BA74900D335F0 /* main.m */,
				ED40C5BA242BA8DA00D335F0 /* ZCPersonModel1.h */,
				ED40C5BB242BA8DA00D335F0 /* ZCPersonModel1.m */,
				ED40C5BD242BA8E600D335F0 /* ZCPersonModel2.h */,
				ED40C5BE242BA8E600D335F0 /* ZCPersonModel2.m */,
				ED40C5C0242BA8F900D335F0 /* ZCPersonModel3.h */,
				ED40C5C1242BA8F900D335F0 /* ZCPersonModel3.m */,
				ED40C5C3242BA90D00D335F0 /* ZCStudentModel.h */,
				ED40C5C4242BA90D00D335F0 /* ZCStudentModel.m */,
				ED40C5C6242BA91700D335F0 /* ZCBaseModel.h */,
				ED40C5C7242BA91700D335F0 /* ZCBaseModel.m */,
			);
			path = "20-字典转模型";
			sourceTree = "<group>";
		};
		EDC1CBEC24267BF900488563 /* 07-__block修饰符 */ = {
			isa = PBXGroup;
			children = (
				ED9D9B5324277CE7006A42A9 /* main.cpp */,
				EDC1CBED24267BF900488563 /* main.m */,
			);
			path = "07-__block修饰符";
			sourceTree = "<group>";
		};
/* End PBXGroup section */

/* Begin PBXNativeTarget section */
		B357A2CD2428582E00DA97BC /* 08-Block循环引用 */ = {
			isa = PBXNativeTarget;
			buildConfigurationList = B357A2D22428582E00DA97BC /* Build configuration list for PBXNativeTarget "08-Block循环引用" */;
			buildPhases = (
				B357A2CA2428582E00DA97BC /* Sources */,
				B357A2CB2428582E00DA97BC /* Frameworks */,
				B357A2CC2428582E00DA97BC /* CopyFiles */,
			);
			buildRules = (
			);
			dependencies = (
			);
			name = "08-Block循环引用";
			productName = "08-Block循环引用";
			productReference = B357A2CE2428582E00DA97BC /* 08-Block循环引用 */;
			productType = "com.apple.product-type.tool";
		};
		B357A3042428697000DA97BC /* 09-Block拷贝ARC */ = {
			isa = PBXNativeTarget;
			buildConfigurationList = B357A3092428697000DA97BC /* Build configuration list for PBXNativeTarget "09-Block拷贝ARC" */;
			buildPhases = (
				B357A3012428697000DA97BC /* Sources */,
				B357A3022428697000DA97BC /* Frameworks */,
				B357A3032428697000DA97BC /* CopyFiles */,
			);
			buildRules = (
			);
			dependencies = (
			);
			name = "09-Block拷贝ARC";
			productName = "09-Block拷贝ARC";
			productReference = B357A3052428697000DA97BC /* 09-Block拷贝ARC */;
			productType = "com.apple.product-type.tool";
		};
		B357A30F2428699300DA97BC /* 10-Block拷贝MRC */ = {
			isa = PBXNativeTarget;
			buildConfigurationList = B357A3142428699300DA97BC /* Build configuration list for PBXNativeTarget "10-Block拷贝MRC" */;
			buildPhases = (
				B357A30C2428699300DA97BC /* Sources */,
				B357A30D2428699300DA97BC /* Frameworks */,
				B357A30E2428699300DA97BC /* CopyFiles */,
			);
			buildRules = (
			);
			dependencies = (
			);
			name = "10-Block拷贝MRC";
			productName = "10-Block拷贝MRC";
			productReference = B357A3102428699300DA97BC /* 10-Block拷贝MRC */;
			productType = "com.apple.product-type.tool";
		};
		B357A31D242895AD00DA97BC /* 11-load */ = {
			isa = PBXNativeTarget;
			buildConfigurationList = B357A322242895AD00DA97BC /* Build configuration list for PBXNativeTarget "11-load" */;
			buildPhases = (
				B357A31A242895AD00DA97BC /* Sources */,
				B357A31B242895AD00DA97BC /* Frameworks */,
				B357A31C242895AD00DA97BC /* CopyFiles */,
			);
			buildRules = (
			);
			dependencies = (
			);
			name = "11-load";
			productName = "11-load";
			productReference = B357A31E242895AD00DA97BC /* 11-load */;
			productType = "com.apple.product-type.tool";
		};
		B357A33D2428A75500DA97BC /* 12-initialize */ = {
			isa = PBXNativeTarget;
			buildConfigurationList = B357A3422428A75500DA97BC /* Build configuration list for PBXNativeTarget "12-initialize" */;
			buildPhases = (
				B357A33A2428A75500DA97BC /* Sources */,
				B357A33B2428A75500DA97BC /* Frameworks */,
				B357A33C2428A75500DA97BC /* CopyFiles */,
			);
			buildRules = (
			);
			dependencies = (
			);
			name = "12-initialize";
			productName = "12-initialize";
			productReference = B357A33E2428A75500DA97BC /* 12-initialize */;
			productType = "com.apple.product-type.tool";
		};
		B357A35D2428AE9400DA97BC /* 13-Category */ = {
			isa = PBXNativeTarget;
			buildConfigurationList = B357A3622428AE9400DA97BC /* Build configuration list for PBXNativeTarget "13-Category" */;
			buildPhases = (
				B357A35A2428AE9400DA97BC /* Sources */,
				B357A35B2428AE9400DA97BC /* Frameworks */,
				B357A35C2428AE9400DA97BC /* CopyFiles */,
			);
			buildRules = (
			);
			dependencies = (
			);
			name = "13-Category";
			productName = "13-Category";
			productReference = B357A35E2428AE9400DA97BC /* 13-Category */;
			productType = "com.apple.product-type.tool";
		};
		B35B82702424BCBB001060C5 /* 01-KVO */ = {
			isa = PBXNativeTarget;
			buildConfigurationList = B35B82782424BCBB001060C5 /* Build configuration list for PBXNativeTarget "01-KVO" */;
			buildPhases = (
				B35B826D2424BCBB001060C5 /* Sources */,
				B35B826E2424BCBB001060C5 /* Frameworks */,
				B35B826F2424BCBB001060C5 /* CopyFiles */,
			);
			buildRules = (
			);
			dependencies = (
			);
			name = "01-KVO";
			productName = "01-KVO";
			productReference = B35B82712424BCBB001060C5 /* 01-KVO */;
			productType = "com.apple.product-type.tool";
		};
		B35B82842424CE0C001060C5 /* 02-手动调用KVO */ = {
			isa = PBXNativeTarget;
			buildConfigurationList = B35B828B2424CE0C001060C5 /* Build configuration list for PBXNativeTarget "02-手动调用KVO" */;
			buildPhases = (
				B35B82812424CE0C001060C5 /* Sources */,
				B35B82822424CE0C001060C5 /* Frameworks */,
				B35B82832424CE0C001060C5 /* CopyFiles */,
			);
			buildRules = (
			);
			dependencies = (
			);
			name = "02-手动调用KVO";
			productName = "02-手动调用KVO";
			productReference = B35B82852424CE0C001060C5 /* 02-手动调用KVO */;
			productType = "com.apple.product-type.tool";
		};
		B35B82922424D1C2001060C5 /* 03-自定义KVO实现 */ = {
			isa = PBXNativeTarget;
			buildConfigurationList = B35B82972424D1C2001060C5 /* Build configuration list for PBXNativeTarget "03-自定义KVO实现" */;
			buildPhases = (
				B35B828F2424D1C2001060C5 /* Sources */,
				B35B82902424D1C2001060C5 /* Frameworks */,
				B35B82912424D1C2001060C5 /* CopyFiles */,
			);
			buildRules = (
			);
			dependencies = (
			);
			name = "03-自定义KVO实现";
			productName = "03-自定义KVO实现";
			productReference = B35B82932424D1C2001060C5 /* 03-自定义KVO实现 */;
			productType = "com.apple.product-type.tool";
		};
		B3691C49242A10FF001CAE33 /* 15-runtime添加ivar */ = {
			isa = PBXNativeTarget;
			buildConfigurationList = B3691C4E242A10FF001CAE33 /* Build configuration list for PBXNativeTarget "15-runtime添加ivar" */;
			buildPhases = (
				B3691C46242A10FF001CAE33 /* Sources */,
				B3691C47242A10FF001CAE33 /* Frameworks */,
				B3691C48242A10FF001CAE33 /* CopyFiles */,
			);
			buildRules = (
			);
			dependencies = (
			);
			name = "15-runtime添加ivar";
			productName = "15-runtime添加ivar";
			productReference = B3691C4A242A10FF001CAE33 /* 15-runtime添加ivar */;
			productType = "com.apple.product-type.tool";
		};
		B3691C5A242A18AB001CAE33 /* 16-msgForward */ = {
			isa = PBXNativeTarget;
			buildConfigurationList = B3691C5F242A18AB001CAE33 /* Build configuration list for PBXNativeTarget "16-msgForward" */;
			buildPhases = (
				B3691C57242A18AB001CAE33 /* Sources */,
				B3691C58242A18AB001CAE33 /* Frameworks */,
				B3691C59242A18AB001CAE33 /* CopyFiles */,
			);
			buildRules = (
			);
			dependencies = (
			);
			name = "16-msgForward";
			productName = "16-msgForward";
			productReference = B3691C5B242A18AB001CAE33 /* 16-msgForward */;
			productType = "com.apple.product-type.tool";
		};
		B3A35F782425A31C00DD9B8E /* 04-KVC */ = {
			isa = PBXNativeTarget;
			buildConfigurationList = B3A35F7F2425A31C00DD9B8E /* Build configuration list for PBXNativeTarget "04-KVC" */;
			buildPhases = (
				B3A35F752425A31C00DD9B8E /* Sources */,
				B3A35F762425A31C00DD9B8E /* Frameworks */,
				B3A35F772425A31C00DD9B8E /* CopyFiles */,
			);
			buildRules = (
			);
			dependencies = (
			);
			name = "04-KVC";
			productName = "04-KVC";
			productReference = B3A35F792425A31C00DD9B8E /* 04-KVC */;
			productType = "com.apple.product-type.tool";
		};
		B3A35F8C2425A7EE00DD9B8E /* 05-KVC取值 */ = {
			isa = PBXNativeTarget;
			buildConfigurationList = B3A35F912425A7EE00DD9B8E /* Build configuration list for PBXNativeTarget "05-KVC取值" */;
			buildPhases = (
				B3A35F892425A7EE00DD9B8E /* Sources */,
				B3A35F8A2425A7EE00DD9B8E /* Frameworks */,
				B3A35F8B2425A7EE00DD9B8E /* CopyFiles */,
			);
			buildRules = (
			);
			dependencies = (
			);
			name = "05-KVC取值";
			productName = "05-KVC取值";
			productReference = B3A35F8D2425A7EE00DD9B8E /* 05-KVC取值 */;
			productType = "com.apple.product-type.tool";
		};
		B3A35F9D2425AA7500DD9B8E /* 06-Block变量捕获 */ = {
			isa = PBXNativeTarget;
			buildConfigurationList = B3A35FA22425AA7500DD9B8E /* Build configuration list for PBXNativeTarget "06-Block变量捕获" */;
			buildPhases = (
				B3A35F9A2425AA7500DD9B8E /* Sources */,
				B3A35F9B2425AA7500DD9B8E /* Frameworks */,
				B3A35F9C2425AA7500DD9B8E /* CopyFiles */,
			);
			buildRules = (
			);
			dependencies = (
			);
			name = "06-Block变量捕获";
			productName = "06-Block变量捕获";
			productReference = B3A35F9E2425AA7500DD9B8E /* 06-Block变量捕获 */;
			productType = "com.apple.product-type.tool";
		};
		ED361E87242A366700F76D6C /* 17-类添加property变化 */ = {
			isa = PBXNativeTarget;
			buildConfigurationList = ED361E8E242A366700F76D6C /* Build configuration list for PBXNativeTarget "17-类添加property变化" */;
			buildPhases = (
				ED361E84242A366700F76D6C /* Sources */,
				ED361E85242A366700F76D6C /* Frameworks */,
				ED361E86242A366700F76D6C /* CopyFiles */,
			);
			buildRules = (
			);
			dependencies = (
			);
			name = "17-类添加property变化";
			productName = "17-类添加property变化";
			productReference = ED361E88242A366700F76D6C /* 17-类添加property变化 */;
			productType = "com.apple.product-type.tool";
		};
		ED361EB0242A47B500F76D6C /* 18-Runtime实现weak */ = {
			isa = PBXNativeTarget;
			buildConfigurationList = ED361EB5242A47B500F76D6C /* Build configuration list for PBXNativeTarget "18-Runtime实现weak" */;
			buildPhases = (
				ED361EAD242A47B500F76D6C /* Sources */,
				ED361EAE242A47B500F76D6C /* Frameworks */,
				ED361EAF242A47B500F76D6C /* CopyFiles */,
			);
			buildRules = (
			);
			dependencies = (
			);
			name = "18-Runtime实现weak";
			productName = "18-Runtime实现weak";
			productReference = ED361EB1242A47B500F76D6C /* 18-Runtime实现weak */;
			productType = "com.apple.product-type.tool";
		};
		ED387ECF2428E7B200321E1D /* 14-Category关联对象 */ = {
			isa = PBXNativeTarget;
			buildConfigurationList = ED387ED42428E7B200321E1D /* Build configuration list for PBXNativeTarget "14-Category关联对象" */;
			buildPhases = (
				ED387ECC2428E7B200321E1D /* Sources */,
				ED387ECD2428E7B200321E1D /* Frameworks */,
				ED387ECE2428E7B200321E1D /* CopyFiles */,
			);
			buildRules = (
			);
			dependencies = (
			);
			name = "14-Category关联对象";
			productName = "14-Category关联对象";
			productReference = ED387ED02428E7B200321E1D /* 14-Category关联对象 */;
			productType = "com.apple.product-type.tool";
		};
		ED40C5A1242B956500D335F0 /* 19-Method-Swizzling */ = {
			isa = PBXNativeTarget;
			buildConfigurationList = ED40C5A8242B956500D335F0 /* Build configuration list for PBXNativeTarget "19-Method-Swizzling" */;
			buildPhases = (
				ED40C59E242B956500D335F0 /* Sources */,
				ED40C59F242B956500D335F0 /* Frameworks */,
				ED40C5A0242B956500D335F0 /* CopyFiles */,
			);
			buildRules = (
			);
			dependencies = (
			);
			name = "19-Method-Swizzling";
			productName = "19-Method-Swizzling";
			productReference = ED40C5A2242B956500D335F0 /* 19-Method-Swizzling */;
			productType = "com.apple.product-type.tool";
		};
		ED40C5B2242BA74900D335F0 /* 20-字典转模型 */ = {
			isa = PBXNativeTarget;
			buildConfigurationList = ED40C5B7242BA74900D335F0 /* Build configuration list for PBXNativeTarget "20-字典转模型" */;
			buildPhases = (
				ED40C5AF242BA74900D335F0 /* Sources */,
				ED40C5B0242BA74900D335F0 /* Frameworks */,
				ED40C5B1242BA74900D335F0 /* CopyFiles */,
			);
			buildRules = (
			);
			dependencies = (
			);
			name = "20-字典转模型";
			productName = "20-字典转模型";
			productReference = ED40C5B3242BA74900D335F0 /* 20-字典转模型 */;
			productType = "com.apple.product-type.tool";
		};
		EDC1CBEA24267BF900488563 /* 07-__block修饰符 */ = {
			isa = PBXNativeTarget;
			buildConfigurationList = EDC1CBF124267BF900488563 /* Build configuration list for PBXNativeTarget "07-__block修饰符" */;
			buildPhases = (
				EDC1CBE724267BF900488563 /* Sources */,
				EDC1CBE824267BF900488563 /* Frameworks */,
				EDC1CBE924267BF900488563 /* CopyFiles */,
			);
			buildRules = (
			);
			dependencies = (
			);
			name = "07-__block修饰符";
			productName = "07-__block修饰符";
			productReference = EDC1CBEB24267BF900488563 /* 07-__block修饰符 */;
			productType = "com.apple.product-type.tool";
		};
/* End PBXNativeTarget section */

/* Begin PBXProject section */
		B35B82692424BCBB001060C5 /* Project object */ = {
			isa = PBXProject;
			attributes = {
				LastUpgradeCheck = 1110;
				ORGANIZATIONNAME = XFB;
				TargetAttributes = {
					B357A2CD2428582E00DA97BC = {
						CreatedOnToolsVersion = 11.1;
					};
					B357A3042428697000DA97BC = {
						CreatedOnToolsVersion = 11.1;
					};
					B357A30F2428699300DA97BC = {
						CreatedOnToolsVersion = 11.1;
					};
					B357A31D242895AD00DA97BC = {
						CreatedOnToolsVersion = 11.1;
					};
					B357A33D2428A75500DA97BC = {
						CreatedOnToolsVersion = 11.1;
					};
					B357A35D2428AE9400DA97BC = {
						CreatedOnToolsVersion = 11.1;
					};
					B35B82702424BCBB001060C5 = {
						CreatedOnToolsVersion = 11.1;
					};
					B35B82842424CE0C001060C5 = {
						CreatedOnToolsVersion = 11.1;
					};
					B35B82922424D1C2001060C5 = {
						CreatedOnToolsVersion = 11.1;
					};
					B3691C49242A10FF001CAE33 = {
						CreatedOnToolsVersion = 11.1;
					};
					B3691C5A242A18AB001CAE33 = {
						CreatedOnToolsVersion = 11.1;
					};
					B3A35F782425A31C00DD9B8E = {
						CreatedOnToolsVersion = 11.1;
					};
					B3A35F8C2425A7EE00DD9B8E = {
						CreatedOnToolsVersion = 11.1;
					};
					B3A35F9D2425AA7500DD9B8E = {
						CreatedOnToolsVersion = 11.1;
					};
					ED361E87242A366700F76D6C = {
						CreatedOnToolsVersion = 11.3.1;
					};
					ED361EB0242A47B500F76D6C = {
						CreatedOnToolsVersion = 11.3.1;
					};
					ED387ECF2428E7B200321E1D = {
						CreatedOnToolsVersion = 11.3.1;
					};
					ED40C5A1242B956500D335F0 = {
						CreatedOnToolsVersion = 11.3.1;
					};
					ED40C5B2242BA74900D335F0 = {
						CreatedOnToolsVersion = 11.3.1;
					};
					EDC1CBEA24267BF900488563 = {
						CreatedOnToolsVersion = 11.3.1;
					};
				};
			};
			buildConfigurationList = B35B826C2424BCBB001060C5 /* Build configuration list for PBXProject "01-KVO" */;
			compatibilityVersion = "Xcode 9.3";
			developmentRegion = en;
			hasScannedForEncodings = 0;
			knownRegions = (
				en,
				Base,
			);
			mainGroup = B35B82682424BCBB001060C5;
			productRefGroup = B35B82722424BCBB001060C5 /* Products */;
			projectDirPath = "";
			projectRoot = "";
			targets = (
				B35B82702424BCBB001060C5 /* 01-KVO */,
				B35B82842424CE0C001060C5 /* 02-手动调用KVO */,
				B35B82922424D1C2001060C5 /* 03-自定义KVO实现 */,
				B3A35F782425A31C00DD9B8E /* 04-KVC */,
				B3A35F8C2425A7EE00DD9B8E /* 05-KVC取值 */,
				B3A35F9D2425AA7500DD9B8E /* 06-Block变量捕获 */,
				EDC1CBEA24267BF900488563 /* 07-__block修饰符 */,
				B357A2CD2428582E00DA97BC /* 08-Block循环引用 */,
				B357A3042428697000DA97BC /* 09-Block拷贝ARC */,
				B357A30F2428699300DA97BC /* 10-Block拷贝MRC */,
				B357A31D242895AD00DA97BC /* 11-load */,
				B357A33D2428A75500DA97BC /* 12-initialize */,
				B357A35D2428AE9400DA97BC /* 13-Category */,
				ED387ECF2428E7B200321E1D /* 14-Category关联对象 */,
				B3691C49242A10FF001CAE33 /* 15-runtime添加ivar */,
				B3691C5A242A18AB001CAE33 /* 16-msgForward */,
				ED361E87242A366700F76D6C /* 17-类添加property变化 */,
				ED361EB0242A47B500F76D6C /* 18-Runtime实现weak */,
				ED40C5A1242B956500D335F0 /* 19-Method-Swizzling */,
				ED40C5B2242BA74900D335F0 /* 20-字典转模型 */,
			);
		};
/* End PBXProject section */

/* Begin PBXSourcesBuildPhase section */
		B357A2CA2428582E00DA97BC /* Sources */ = {
			isa = PBXSourcesBuildPhase;
			buildActionMask = 2147483647;
			files = (
				B357A2D12428582E00DA97BC /* main.m in Sources */,
				B357A2D72428584A00DA97BC /* Test.m in Sources */,
			);
			runOnlyForDeploymentPostprocessing = 0;
		};
		B357A3012428697000DA97BC /* Sources */ = {
			isa = PBXSourcesBuildPhase;
			buildActionMask = 2147483647;
			files = (
				B357A3082428697000DA97BC /* main.m in Sources */,
			);
			runOnlyForDeploymentPostprocessing = 0;
		};
		B357A30C2428699300DA97BC /* Sources */ = {
			isa = PBXSourcesBuildPhase;
			buildActionMask = 2147483647;
			files = (
				B357A3192428876700DA97BC /* Person.m in Sources */,
				B357A3132428699300DA97BC /* main.m in Sources */,
			);
			runOnlyForDeploymentPostprocessing = 0;
		};
		B357A31A242895AD00DA97BC /* Sources */ = {
			isa = PBXSourcesBuildPhase;
			buildActionMask = 2147483647;
			files = (
				B357A327242895BF00DA97BC /* Person.m in Sources */,
				B357A321242895AD00DA97BC /* main.m in Sources */,
				B357A330242895F600DA97BC /* Person+Category1.m in Sources */,
				B357A333242895FD00DA97BC /* Person+Category2.m in Sources */,
				B357A3362428962000DA97BC /* Student+Category1.m in Sources */,
				B357A3392428962700DA97BC /* Student+Category2.m in Sources */,
				B357A32A242895CF00DA97BC /* Student.m in Sources */,
			);
			runOnlyForDeploymentPostprocessing = 0;
		};
		B357A33A2428A75500DA97BC /* Sources */ = {
			isa = PBXSourcesBuildPhase;
			buildActionMask = 2147483647;
			files = (
				B357A3592428A8FE00DA97BC /* Teacher.m in Sources */,
				B357A3542428A77E00DA97BC /* Student.m in Sources */,
				B357A3522428A77E00DA97BC /* Person.m in Sources */,
				B357A3412428A75500DA97BC /* main.m in Sources */,
				B357A3532428A77E00DA97BC /* Person+Category2.m in Sources */,
				B357A3562428A77E00DA97BC /* Person+Category1.m in Sources */,
				B357A3552428A77E00DA97BC /* Student+Category2.m in Sources */,
				B357A3512428A77E00DA97BC /* Student+Category1.m in Sources */,
			);
			runOnlyForDeploymentPostprocessing = 0;
		};
		B357A35A2428AE9400DA97BC /* Sources */ = {
			isa = PBXSourcesBuildPhase;
			buildActionMask = 2147483647;
			files = (
				B357A3672428AEAA00DA97BC /* Person.m in Sources */,
				B357A36D2428AF5800DA97BC /* Person+Category2.m in Sources */,
				B357A36A2428AEC200DA97BC /* Person+Category1.m in Sources */,
				B357A3612428AE9400DA97BC /* main.m in Sources */,
			);
			runOnlyForDeploymentPostprocessing = 0;
		};
		B35B826D2424BCBB001060C5 /* Sources */ = {
			isa = PBXSourcesBuildPhase;
			buildActionMask = 2147483647;
			files = (
				B35B82802424C0FE001060C5 /* Person.m in Sources */,
				B35B82752424BCBB001060C5 /* main.m in Sources */,
				B35B827D2424BCCA001060C5 /* RuntimeKit.m in Sources */,
			);
			runOnlyForDeploymentPostprocessing = 0;
		};
		B35B82812424CE0C001060C5 /* Sources */ = {
			isa = PBXSourcesBuildPhase;
			buildActionMask = 2147483647;
			files = (
				B35B828E2424CE43001060C5 /* Person.m in Sources */,
				B35B82882424CE0C001060C5 /* main.m in Sources */,
			);
			runOnlyForDeploymentPostprocessing = 0;
		};
		B35B828F2424D1C2001060C5 /* Sources */ = {
			isa = PBXSourcesBuildPhase;
			buildActionMask = 2147483647;
			files = (
				B35B82A22424D94F001060C5 /* ZCObserverInfo.m in Sources */,
				B35B82962424D1C2001060C5 /* main.m in Sources */,
				ED67B17A2425213000010423 /* Person.m in Sources */,
				B35B829C2424D2B2001060C5 /* RuntimeKit.m in Sources */,
				B35B829F2424D333001060C5 /* NSObject+ZCKVO.m in Sources */,
			);
			runOnlyForDeploymentPostprocessing = 0;
		};
		B3691C46242A10FF001CAE33 /* Sources */ = {
			isa = PBXSourcesBuildPhase;
			buildActionMask = 2147483647;
			files = (
				B3691C4D242A10FF001CAE33 /* main.m in Sources */,
				B3691C56242A1245001CAE33 /* UserModel.m in Sources */,
			);
			runOnlyForDeploymentPostprocessing = 0;
		};
		B3691C57242A18AB001CAE33 /* Sources */ = {
			isa = PBXSourcesBuildPhase;
			buildActionMask = 2147483647;
			files = (
				B3691C67242A18EE001CAE33 /* RuntimeKit.m in Sources */,
				B3691C5E242A18AB001CAE33 /* main.m in Sources */,
				B3691C6A242A1A49001CAE33 /* Dog.m in Sources */,
				B3691C64242A18B6001CAE33 /* ZCPerson.m in Sources */,
			);
			runOnlyForDeploymentPostprocessing = 0;
		};
		B3A35F752425A31C00DD9B8E /* Sources */ = {
			isa = PBXSourcesBuildPhase;
			buildActionMask = 2147483647;
			files = (
				B3A35F852425A49B00DD9B8E /* ZCObserver.m in Sources */,
				B3A35F7C2425A31C00DD9B8E /* main.m in Sources */,
				B3A35F882425A67000DD9B8E /* Student.m in Sources */,
			);
			runOnlyForDeploymentPostprocessing = 0;
		};
		B3A35F892425A7EE00DD9B8E /* Sources */ = {
			isa = PBXSourcesBuildPhase;
			buildActionMask = 2147483647;
			files = (
				B3A35F992425A8C200DD9B8E /* ZCObserver.m in Sources */,
				B3A35F902425A7EE00DD9B8E /* main.m in Sources */,
				B3A35F962425A85000DD9B8E /* Student.m in Sources */,
			);
			runOnlyForDeploymentPostprocessing = 0;
		};
		B3A35F9A2425AA7500DD9B8E /* Sources */ = {
			isa = PBXSourcesBuildPhase;
			buildActionMask = 2147483647;
			files = (
				B3A35FA12425AA7500DD9B8E /* main.m in Sources */,
			);
			runOnlyForDeploymentPostprocessing = 0;
		};
		ED361E84242A366700F76D6C /* Sources */ = {
			isa = PBXSourcesBuildPhase;
			buildActionMask = 2147483647;
			files = (
				ED361E97242A3A3900F76D6C /* RuntimeKit.m in Sources */,
				ED361E8B242A366700F76D6C /* main.m in Sources */,
				ED361E94242A394100F76D6C /* PropertyModel.m in Sources */,
			);
			runOnlyForDeploymentPostprocessing = 0;
		};
		ED361EAD242A47B500F76D6C /* Sources */ = {
			isa = PBXSourcesBuildPhase;
			buildActionMask = 2147483647;
			files = (
				ED361EB4242A47B500F76D6C /* main.m in Sources */,
			);
			runOnlyForDeploymentPostprocessing = 0;
		};
		ED387ECC2428E7B200321E1D /* Sources */ = {
			isa = PBXSourcesBuildPhase;
			buildActionMask = 2147483647;
			files = (
				ED387EDC2428E7CE00321E1D /* Person+Category.m in Sources */,
				ED387ED92428E7BD00321E1D /* Person.m in Sources */,
				ED387ED32428E7B200321E1D /* main.m in Sources */,
			);
			runOnlyForDeploymentPostprocessing = 0;
		};
		ED40C59E242B956500D335F0 /* Sources */ = {
			isa = PBXSourcesBuildPhase;
			buildActionMask = 2147483647;
			files = (
				ED40C5AE242B9C1200D335F0 /* NSArray+SafeCategory.m in Sources */,
				ED40C5A5242B956500D335F0 /* main.m in Sources */,
				ED40C5AB242B987E00D335F0 /* NSObject+Swizzling.m in Sources */,
			);
			runOnlyForDeploymentPostprocessing = 0;
		};
		ED40C5AF242BA74900D335F0 /* Sources */ = {
			isa = PBXSourcesBuildPhase;
			buildActionMask = 2147483647;
			files = (
				ED40C5BF242BA8E600D335F0 /* ZCPersonModel2.m in Sources */,
				ED40C5B6242BA74900D335F0 /* main.m in Sources */,
				ED40C5BC242BA8DA00D335F0 /* ZCPersonModel1.m in Sources */,
				ED40C5C8242BA91700D335F0 /* ZCBaseModel.m in Sources */,
				ED40C5C2242BA8F900D335F0 /* ZCPersonModel3.m in Sources */,
				ED40C5C5242BA90D00D335F0 /* ZCStudentModel.m in Sources */,
			);
			runOnlyForDeploymentPostprocessing = 0;
		};
		EDC1CBE724267BF900488563 /* Sources */ = {
			isa = PBXSourcesBuildPhase;
			buildActionMask = 2147483647;
			files = (
				EDC1CBEE24267BF900488563 /* main.m in Sources */,
			);
			runOnlyForDeploymentPostprocessing = 0;
		};
/* End PBXSourcesBuildPhase section */

/* Begin XCBuildConfiguration section */
		B357A2D32428582E00DA97BC /* Debug */ = {
			isa = XCBuildConfiguration;
			buildSettings = {
				CODE_SIGN_STYLE = Automatic;
				DEVELOPMENT_TEAM = HGF48S4DZC;
				ENABLE_HARDENED_RUNTIME = YES;
				PRODUCT_NAME = "$(TARGET_NAME)";
			};
			name = Debug;
		};
		B357A2D42428582E00DA97BC /* Release */ = {
			isa = XCBuildConfiguration;
			buildSettings = {
				CODE_SIGN_STYLE = Automatic;
				DEVELOPMENT_TEAM = HGF48S4DZC;
				ENABLE_HARDENED_RUNTIME = YES;
				PRODUCT_NAME = "$(TARGET_NAME)";
			};
			name = Release;
		};
		B357A30A2428697000DA97BC /* Debug */ = {
			isa = XCBuildConfiguration;
			buildSettings = {
				CODE_SIGN_STYLE = Automatic;
				DEVELOPMENT_TEAM = HGF48S4DZC;
				ENABLE_HARDENED_RUNTIME = YES;
				PRODUCT_NAME = "$(TARGET_NAME)";
			};
			name = Debug;
		};
		B357A30B2428697000DA97BC /* Release */ = {
			isa = XCBuildConfiguration;
			buildSettings = {
				CODE_SIGN_STYLE = Automatic;
				DEVELOPMENT_TEAM = HGF48S4DZC;
				ENABLE_HARDENED_RUNTIME = YES;
				PRODUCT_NAME = "$(TARGET_NAME)";
			};
			name = Release;
		};
		B357A3152428699300DA97BC /* Debug */ = {
			isa = XCBuildConfiguration;
			buildSettings = {
				CLANG_ENABLE_OBJC_ARC = NO;
				CODE_SIGN_STYLE = Automatic;
				DEVELOPMENT_TEAM = HGF48S4DZC;
				ENABLE_HARDENED_RUNTIME = YES;
				PRODUCT_NAME = "$(TARGET_NAME)";
			};
			name = Debug;
		};
		B357A3162428699300DA97BC /* Release */ = {
			isa = XCBuildConfiguration;
			buildSettings = {
				CLANG_ENABLE_OBJC_ARC = NO;
				CODE_SIGN_STYLE = Automatic;
				DEVELOPMENT_TEAM = HGF48S4DZC;
				ENABLE_HARDENED_RUNTIME = YES;
				PRODUCT_NAME = "$(TARGET_NAME)";
			};
			name = Release;
		};
		B357A323242895AD00DA97BC /* Debug */ = {
			isa = XCBuildConfiguration;
			buildSettings = {
				CODE_SIGN_STYLE = Automatic;
				DEVELOPMENT_TEAM = HGF48S4DZC;
				ENABLE_HARDENED_RUNTIME = YES;
				PRODUCT_NAME = "$(TARGET_NAME)";
			};
			name = Debug;
		};
		B357A324242895AD00DA97BC /* Release */ = {
			isa = XCBuildConfiguration;
			buildSettings = {
				CODE_SIGN_STYLE = Automatic;
				DEVELOPMENT_TEAM = HGF48S4DZC;
				ENABLE_HARDENED_RUNTIME = YES;
				PRODUCT_NAME = "$(TARGET_NAME)";
			};
			name = Release;
		};
		B357A3432428A75500DA97BC /* Debug */ = {
			isa = XCBuildConfiguration;
			buildSettings = {
				CODE_SIGN_STYLE = Automatic;
				DEVELOPMENT_TEAM = HGF48S4DZC;
				ENABLE_HARDENED_RUNTIME = YES;
				PRODUCT_NAME = "$(TARGET_NAME)";
			};
			name = Debug;
		};
		B357A3442428A75500DA97BC /* Release */ = {
			isa = XCBuildConfiguration;
			buildSettings = {
				CODE_SIGN_STYLE = Automatic;
				DEVELOPMENT_TEAM = HGF48S4DZC;
				ENABLE_HARDENED_RUNTIME = YES;
				PRODUCT_NAME = "$(TARGET_NAME)";
			};
			name = Release;
		};
		B357A3632428AE9400DA97BC /* Debug */ = {
			isa = XCBuildConfiguration;
			buildSettings = {
				CODE_SIGN_STYLE = Automatic;
				DEVELOPMENT_TEAM = HGF48S4DZC;
				ENABLE_HARDENED_RUNTIME = YES;
				PRODUCT_NAME = "$(TARGET_NAME)";
			};
			name = Debug;
		};
		B357A3642428AE9400DA97BC /* Release */ = {
			isa = XCBuildConfiguration;
			buildSettings = {
				CODE_SIGN_STYLE = Automatic;
				DEVELOPMENT_TEAM = HGF48S4DZC;
				ENABLE_HARDENED_RUNTIME = YES;
				PRODUCT_NAME = "$(TARGET_NAME)";
			};
			name = Release;
		};
		B35B82762424BCBB001060C5 /* Debug */ = {
			isa = XCBuildConfiguration;
			buildSettings = {
				ALWAYS_SEARCH_USER_PATHS = NO;
				CLANG_ANALYZER_NONNULL = YES;
				CLANG_ANALYZER_NUMBER_OBJECT_CONVERSION = YES_AGGRESSIVE;
				CLANG_CXX_LANGUAGE_STANDARD = "gnu++14";
				CLANG_CXX_LIBRARY = "libc++";
				CLANG_ENABLE_MODULES = YES;
				CLANG_ENABLE_OBJC_ARC = YES;
				CLANG_ENABLE_OBJC_WEAK = YES;
				CLANG_WARN_BLOCK_CAPTURE_AUTORELEASING = YES;
				CLANG_WARN_BOOL_CONVERSION = YES;
				CLANG_WARN_COMMA = YES;
				CLANG_WARN_CONSTANT_CONVERSION = YES;
				CLANG_WARN_DEPRECATED_OBJC_IMPLEMENTATIONS = YES;
				CLANG_WARN_DIRECT_OBJC_ISA_USAGE = YES_ERROR;
				CLANG_WARN_DOCUMENTATION_COMMENTS = YES;
				CLANG_WARN_EMPTY_BODY = YES;
				CLANG_WARN_ENUM_CONVERSION = YES;
				CLANG_WARN_INFINITE_RECURSION = YES;
				CLANG_WARN_INT_CONVERSION = YES;
				CLANG_WARN_NON_LITERAL_NULL_CONVERSION = YES;
				CLANG_WARN_OBJC_IMPLICIT_RETAIN_SELF = YES;
				CLANG_WARN_OBJC_LITERAL_CONVERSION = YES;
				CLANG_WARN_OBJC_ROOT_CLASS = YES_ERROR;
				CLANG_WARN_RANGE_LOOP_ANALYSIS = YES;
				CLANG_WARN_STRICT_PROTOTYPES = YES;
				CLANG_WARN_SUSPICIOUS_MOVE = YES;
				CLANG_WARN_UNGUARDED_AVAILABILITY = YES_AGGRESSIVE;
				CLANG_WARN_UNREACHABLE_CODE = YES;
				CLANG_WARN__DUPLICATE_METHOD_MATCH = YES;
				COPY_PHASE_STRIP = NO;
				DEBUG_INFORMATION_FORMAT = dwarf;
				ENABLE_STRICT_OBJC_MSGSEND = YES;
				ENABLE_TESTABILITY = YES;
				GCC_C_LANGUAGE_STANDARD = gnu11;
				GCC_DYNAMIC_NO_PIC = NO;
				GCC_NO_COMMON_BLOCKS = YES;
				GCC_OPTIMIZATION_LEVEL = 0;
				GCC_PREPROCESSOR_DEFINITIONS = (
					"DEBUG=1",
					"$(inherited)",
				);
				GCC_WARN_64_TO_32_BIT_CONVERSION = YES;
				GCC_WARN_ABOUT_RETURN_TYPE = YES_ERROR;
				GCC_WARN_UNDECLARED_SELECTOR = YES;
				GCC_WARN_UNINITIALIZED_AUTOS = YES_AGGRESSIVE;
				GCC_WARN_UNUSED_FUNCTION = YES;
				GCC_WARN_UNUSED_VARIABLE = YES;
				MACOSX_DEPLOYMENT_TARGET = 10.14;
				MTL_ENABLE_DEBUG_INFO = INCLUDE_SOURCE;
				MTL_FAST_MATH = YES;
				ONLY_ACTIVE_ARCH = YES;
				SDKROOT = macosx;
			};
			name = Debug;
		};
		B35B82772424BCBB001060C5 /* Release */ = {
			isa = XCBuildConfiguration;
			buildSettings = {
				ALWAYS_SEARCH_USER_PATHS = NO;
				CLANG_ANALYZER_NONNULL = YES;
				CLANG_ANALYZER_NUMBER_OBJECT_CONVERSION = YES_AGGRESSIVE;
				CLANG_CXX_LANGUAGE_STANDARD = "gnu++14";
				CLANG_CXX_LIBRARY = "libc++";
				CLANG_ENABLE_MODULES = YES;
				CLANG_ENABLE_OBJC_ARC = YES;
				CLANG_ENABLE_OBJC_WEAK = YES;
				CLANG_WARN_BLOCK_CAPTURE_AUTORELEASING = YES;
				CLANG_WARN_BOOL_CONVERSION = YES;
				CLANG_WARN_COMMA = YES;
				CLANG_WARN_CONSTANT_CONVERSION = YES;
				CLANG_WARN_DEPRECATED_OBJC_IMPLEMENTATIONS = YES;
				CLANG_WARN_DIRECT_OBJC_ISA_USAGE = YES_ERROR;
				CLANG_WARN_DOCUMENTATION_COMMENTS = YES;
				CLANG_WARN_EMPTY_BODY = YES;
				CLANG_WARN_ENUM_CONVERSION = YES;
				CLANG_WARN_INFINITE_RECURSION = YES;
				CLANG_WARN_INT_CONVERSION = YES;
				CLANG_WARN_NON_LITERAL_NULL_CONVERSION = YES;
				CLANG_WARN_OBJC_IMPLICIT_RETAIN_SELF = YES;
				CLANG_WARN_OBJC_LITERAL_CONVERSION = YES;
				CLANG_WARN_OBJC_ROOT_CLASS = YES_ERROR;
				CLANG_WARN_RANGE_LOOP_ANALYSIS = YES;
				CLANG_WARN_STRICT_PROTOTYPES = YES;
				CLANG_WARN_SUSPICIOUS_MOVE = YES;
				CLANG_WARN_UNGUARDED_AVAILABILITY = YES_AGGRESSIVE;
				CLANG_WARN_UNREACHABLE_CODE = YES;
				CLANG_WARN__DUPLICATE_METHOD_MATCH = YES;
				COPY_PHASE_STRIP = NO;
				DEBUG_INFORMATION_FORMAT = "dwarf-with-dsym";
				ENABLE_NS_ASSERTIONS = NO;
				ENABLE_STRICT_OBJC_MSGSEND = YES;
				GCC_C_LANGUAGE_STANDARD = gnu11;
				GCC_NO_COMMON_BLOCKS = YES;
				GCC_WARN_64_TO_32_BIT_CONVERSION = YES;
				GCC_WARN_ABOUT_RETURN_TYPE = YES_ERROR;
				GCC_WARN_UNDECLARED_SELECTOR = YES;
				GCC_WARN_UNINITIALIZED_AUTOS = YES_AGGRESSIVE;
				GCC_WARN_UNUSED_FUNCTION = YES;
				GCC_WARN_UNUSED_VARIABLE = YES;
				MACOSX_DEPLOYMENT_TARGET = 10.14;
				MTL_ENABLE_DEBUG_INFO = NO;
				MTL_FAST_MATH = YES;
				SDKROOT = macosx;
			};
			name = Release;
		};
		B35B82792424BCBB001060C5 /* Debug */ = {
			isa = XCBuildConfiguration;
			buildSettings = {
				CODE_SIGN_STYLE = Automatic;
				DEVELOPMENT_TEAM = HGF48S4DZC;
				ENABLE_HARDENED_RUNTIME = YES;
				PRODUCT_NAME = "$(TARGET_NAME)";
			};
			name = Debug;
		};
		B35B827A2424BCBB001060C5 /* Release */ = {
			isa = XCBuildConfiguration;
			buildSettings = {
				CODE_SIGN_STYLE = Automatic;
				DEVELOPMENT_TEAM = HGF48S4DZC;
				ENABLE_HARDENED_RUNTIME = YES;
				PRODUCT_NAME = "$(TARGET_NAME)";
			};
			name = Release;
		};
		B35B82892424CE0C001060C5 /* Debug */ = {
			isa = XCBuildConfiguration;
			buildSettings = {
				CODE_SIGN_STYLE = Automatic;
				DEVELOPMENT_TEAM = HGF48S4DZC;
				ENABLE_HARDENED_RUNTIME = YES;
				PRODUCT_NAME = "$(TARGET_NAME)";
			};
			name = Debug;
		};
		B35B828A2424CE0C001060C5 /* Release */ = {
			isa = XCBuildConfiguration;
			buildSettings = {
				CODE_SIGN_STYLE = Automatic;
				DEVELOPMENT_TEAM = HGF48S4DZC;
				ENABLE_HARDENED_RUNTIME = YES;
				PRODUCT_NAME = "$(TARGET_NAME)";
			};
			name = Release;
		};
		B35B82982424D1C2001060C5 /* Debug */ = {
			isa = XCBuildConfiguration;
			buildSettings = {
				CODE_SIGN_STYLE = Automatic;
				DEVELOPMENT_TEAM = HGF48S4DZC;
				ENABLE_HARDENED_RUNTIME = YES;
				PRODUCT_NAME = "$(TARGET_NAME)";
			};
			name = Debug;
		};
		B35B82992424D1C2001060C5 /* Release */ = {
			isa = XCBuildConfiguration;
			buildSettings = {
				CODE_SIGN_STYLE = Automatic;
				DEVELOPMENT_TEAM = HGF48S4DZC;
				ENABLE_HARDENED_RUNTIME = YES;
				PRODUCT_NAME = "$(TARGET_NAME)";
			};
			name = Release;
		};
		B3691C4F242A10FF001CAE33 /* Debug */ = {
			isa = XCBuildConfiguration;
			buildSettings = {
				CODE_SIGN_STYLE = Automatic;
				DEVELOPMENT_TEAM = HGF48S4DZC;
				ENABLE_HARDENED_RUNTIME = YES;
				PRODUCT_NAME = "$(TARGET_NAME)";
			};
			name = Debug;
		};
		B3691C50242A10FF001CAE33 /* Release */ = {
			isa = XCBuildConfiguration;
			buildSettings = {
				CODE_SIGN_STYLE = Automatic;
				DEVELOPMENT_TEAM = HGF48S4DZC;
				ENABLE_HARDENED_RUNTIME = YES;
				PRODUCT_NAME = "$(TARGET_NAME)";
			};
			name = Release;
		};
		B3691C60242A18AB001CAE33 /* Debug */ = {
			isa = XCBuildConfiguration;
			buildSettings = {
				CODE_SIGN_STYLE = Automatic;
				DEVELOPMENT_TEAM = HGF48S4DZC;
				ENABLE_HARDENED_RUNTIME = YES;
				PRODUCT_NAME = "$(TARGET_NAME)";
			};
			name = Debug;
		};
		B3691C61242A18AB001CAE33 /* Release */ = {
			isa = XCBuildConfiguration;
			buildSettings = {
				CODE_SIGN_STYLE = Automatic;
				DEVELOPMENT_TEAM = HGF48S4DZC;
				ENABLE_HARDENED_RUNTIME = YES;
				PRODUCT_NAME = "$(TARGET_NAME)";
			};
			name = Release;
		};
		B3A35F7D2425A31C00DD9B8E /* Debug */ = {
			isa = XCBuildConfiguration;
			buildSettings = {
				CODE_SIGN_STYLE = Automatic;
				DEVELOPMENT_TEAM = HGF48S4DZC;
				ENABLE_HARDENED_RUNTIME = YES;
				PRODUCT_NAME = "$(TARGET_NAME)";
			};
			name = Debug;
		};
		B3A35F7E2425A31C00DD9B8E /* Release */ = {
			isa = XCBuildConfiguration;
			buildSettings = {
				CODE_SIGN_STYLE = Automatic;
				DEVELOPMENT_TEAM = HGF48S4DZC;
				ENABLE_HARDENED_RUNTIME = YES;
				PRODUCT_NAME = "$(TARGET_NAME)";
			};
			name = Release;
		};
		B3A35F922425A7EE00DD9B8E /* Debug */ = {
			isa = XCBuildConfiguration;
			buildSettings = {
				CODE_SIGN_STYLE = Automatic;
				DEVELOPMENT_TEAM = HGF48S4DZC;
				ENABLE_HARDENED_RUNTIME = YES;
				PRODUCT_NAME = "$(TARGET_NAME)";
			};
			name = Debug;
		};
		B3A35F932425A7EE00DD9B8E /* Release */ = {
			isa = XCBuildConfiguration;
			buildSettings = {
				CODE_SIGN_STYLE = Automatic;
				DEVELOPMENT_TEAM = HGF48S4DZC;
				ENABLE_HARDENED_RUNTIME = YES;
				PRODUCT_NAME = "$(TARGET_NAME)";
			};
			name = Release;
		};
		B3A35FA32425AA7500DD9B8E /* Debug */ = {
			isa = XCBuildConfiguration;
			buildSettings = {
				CODE_SIGN_STYLE = Automatic;
				DEVELOPMENT_TEAM = HGF48S4DZC;
				ENABLE_HARDENED_RUNTIME = YES;
				PRODUCT_NAME = "$(TARGET_NAME)";
			};
			name = Debug;
		};
		B3A35FA42425AA7500DD9B8E /* Release */ = {
			isa = XCBuildConfiguration;
			buildSettings = {
				CODE_SIGN_STYLE = Automatic;
				DEVELOPMENT_TEAM = HGF48S4DZC;
				ENABLE_HARDENED_RUNTIME = YES;
				PRODUCT_NAME = "$(TARGET_NAME)";
			};
			name = Release;
		};
		ED361E8C242A366700F76D6C /* Debug */ = {
			isa = XCBuildConfiguration;
			buildSettings = {
				CODE_SIGN_STYLE = Automatic;
				DEVELOPMENT_TEAM = HGF48S4DZC;
				ENABLE_HARDENED_RUNTIME = YES;
				MACOSX_DEPLOYMENT_TARGET = 10.15;
				PRODUCT_NAME = "$(TARGET_NAME)";
			};
			name = Debug;
		};
		ED361E8D242A366700F76D6C /* Release */ = {
			isa = XCBuildConfiguration;
			buildSettings = {
				CODE_SIGN_STYLE = Automatic;
				DEVELOPMENT_TEAM = HGF48S4DZC;
				ENABLE_HARDENED_RUNTIME = YES;
				MACOSX_DEPLOYMENT_TARGET = 10.15;
				PRODUCT_NAME = "$(TARGET_NAME)";
			};
			name = Release;
		};
		ED361EB6242A47B500F76D6C /* Debug */ = {
			isa = XCBuildConfiguration;
			buildSettings = {
				CODE_SIGN_STYLE = Automatic;
				DEVELOPMENT_TEAM = HGF48S4DZC;
				ENABLE_HARDENED_RUNTIME = YES;
				MACOSX_DEPLOYMENT_TARGET = 10.15;
				PRODUCT_NAME = "$(TARGET_NAME)";
			};
			name = Debug;
		};
		ED361EB7242A47B500F76D6C /* Release */ = {
			isa = XCBuildConfiguration;
			buildSettings = {
				CODE_SIGN_STYLE = Automatic;
				DEVELOPMENT_TEAM = HGF48S4DZC;
				ENABLE_HARDENED_RUNTIME = YES;
				MACOSX_DEPLOYMENT_TARGET = 10.15;
				PRODUCT_NAME = "$(TARGET_NAME)";
			};
			name = Release;
		};
		ED387ED52428E7B200321E1D /* Debug */ = {
			isa = XCBuildConfiguration;
			buildSettings = {
				CODE_SIGN_STYLE = Automatic;
				DEVELOPMENT_TEAM = HGF48S4DZC;
				ENABLE_HARDENED_RUNTIME = YES;
				MACOSX_DEPLOYMENT_TARGET = 10.14;
				PRODUCT_NAME = "$(TARGET_NAME)";
			};
			name = Debug;
		};
		ED387ED62428E7B200321E1D /* Release */ = {
			isa = XCBuildConfiguration;
			buildSettings = {
				CODE_SIGN_STYLE = Automatic;
				DEVELOPMENT_TEAM = HGF48S4DZC;
				ENABLE_HARDENED_RUNTIME = YES;
				MACOSX_DEPLOYMENT_TARGET = 10.14;
				PRODUCT_NAME = "$(TARGET_NAME)";
			};
			name = Release;
		};
		ED40C5A6242B956500D335F0 /* Debug */ = {
			isa = XCBuildConfiguration;
			buildSettings = {
				CODE_SIGN_STYLE = Automatic;
				DEVELOPMENT_TEAM = HGF48S4DZC;
				ENABLE_HARDENED_RUNTIME = YES;
				MACOSX_DEPLOYMENT_TARGET = 10.15;
				PRODUCT_NAME = "$(TARGET_NAME)";
			};
			name = Debug;
		};
		ED40C5A7242B956500D335F0 /* Release */ = {
			isa = XCBuildConfiguration;
			buildSettings = {
				CODE_SIGN_STYLE = Automatic;
				DEVELOPMENT_TEAM = HGF48S4DZC;
				ENABLE_HARDENED_RUNTIME = YES;
				MACOSX_DEPLOYMENT_TARGET = 10.15;
				PRODUCT_NAME = "$(TARGET_NAME)";
			};
			name = Release;
		};
		ED40C5B8242BA74900D335F0 /* Debug */ = {
			isa = XCBuildConfiguration;
			buildSettings = {
				CODE_SIGN_STYLE = Automatic;
				DEVELOPMENT_TEAM = HGF48S4DZC;
				ENABLE_HARDENED_RUNTIME = YES;
				MACOSX_DEPLOYMENT_TARGET = 10.15;
				PRODUCT_NAME = "$(TARGET_NAME)";
			};
			name = Debug;
		};
		ED40C5B9242BA74900D335F0 /* Release */ = {
			isa = XCBuildConfiguration;
			buildSettings = {
				CODE_SIGN_STYLE = Automatic;
				DEVELOPMENT_TEAM = HGF48S4DZC;
				ENABLE_HARDENED_RUNTIME = YES;
				MACOSX_DEPLOYMENT_TARGET = 10.15;
				PRODUCT_NAME = "$(TARGET_NAME)";
			};
			name = Release;
		};
		EDC1CBEF24267BF900488563 /* Debug */ = {
			isa = XCBuildConfiguration;
			buildSettings = {
				CODE_SIGN_STYLE = Automatic;
				DEVELOPMENT_TEAM = HGF48S4DZC;
				ENABLE_HARDENED_RUNTIME = YES;
				MACOSX_DEPLOYMENT_TARGET = 10.13;
				PRODUCT_NAME = "$(TARGET_NAME)";
			};
			name = Debug;
		};
		EDC1CBF024267BF900488563 /* Release */ = {
			isa = XCBuildConfiguration;
			buildSettings = {
				CODE_SIGN_STYLE = Automatic;
				DEVELOPMENT_TEAM = HGF48S4DZC;
				ENABLE_HARDENED_RUNTIME = YES;
				MACOSX_DEPLOYMENT_TARGET = 10.13;
				PRODUCT_NAME = "$(TARGET_NAME)";
			};
			name = Release;
		};
/* End XCBuildConfiguration section */

/* Begin XCConfigurationList section */
		B357A2D22428582E00DA97BC /* Build configuration list for PBXNativeTarget "08-Block循环引用" */ = {
			isa = XCConfigurationList;
			buildConfigurations = (
				B357A2D32428582E00DA97BC /* Debug */,
				B357A2D42428582E00DA97BC /* Release */,
			);
			defaultConfigurationIsVisible = 0;
			defaultConfigurationName = Release;
		};
		B357A3092428697000DA97BC /* Build configuration list for PBXNativeTarget "09-Block拷贝ARC" */ = {
			isa = XCConfigurationList;
			buildConfigurations = (
				B357A30A2428697000DA97BC /* Debug */,
				B357A30B2428697000DA97BC /* Release */,
			);
			defaultConfigurationIsVisible = 0;
			defaultConfigurationName = Release;
		};
		B357A3142428699300DA97BC /* Build configuration list for PBXNativeTarget "10-Block拷贝MRC" */ = {
			isa = XCConfigurationList;
			buildConfigurations = (
				B357A3152428699300DA97BC /* Debug */,
				B357A3162428699300DA97BC /* Release */,
			);
			defaultConfigurationIsVisible = 0;
			defaultConfigurationName = Release;
		};
		B357A322242895AD00DA97BC /* Build configuration list for PBXNativeTarget "11-load" */ = {
			isa = XCConfigurationList;
			buildConfigurations = (
				B357A323242895AD00DA97BC /* Debug */,
				B357A324242895AD00DA97BC /* Release */,
			);
			defaultConfigurationIsVisible = 0;
			defaultConfigurationName = Release;
		};
		B357A3422428A75500DA97BC /* Build configuration list for PBXNativeTarget "12-initialize" */ = {
			isa = XCConfigurationList;
			buildConfigurations = (
				B357A3432428A75500DA97BC /* Debug */,
				B357A3442428A75500DA97BC /* Release */,
			);
			defaultConfigurationIsVisible = 0;
			defaultConfigurationName = Release;
		};
		B357A3622428AE9400DA97BC /* Build configuration list for PBXNativeTarget "13-Category" */ = {
			isa = XCConfigurationList;
			buildConfigurations = (
				B357A3632428AE9400DA97BC /* Debug */,
				B357A3642428AE9400DA97BC /* Release */,
			);
			defaultConfigurationIsVisible = 0;
			defaultConfigurationName = Release;
		};
		B35B826C2424BCBB001060C5 /* Build configuration list for PBXProject "01-KVO" */ = {
			isa = XCConfigurationList;
			buildConfigurations = (
				B35B82762424BCBB001060C5 /* Debug */,
				B35B82772424BCBB001060C5 /* Release */,
			);
			defaultConfigurationIsVisible = 0;
			defaultConfigurationName = Release;
		};
		B35B82782424BCBB001060C5 /* Build configuration list for PBXNativeTarget "01-KVO" */ = {
			isa = XCConfigurationList;
			buildConfigurations = (
				B35B82792424BCBB001060C5 /* Debug */,
				B35B827A2424BCBB001060C5 /* Release */,
			);
			defaultConfigurationIsVisible = 0;
			defaultConfigurationName = Release;
		};
		B35B828B2424CE0C001060C5 /* Build configuration list for PBXNativeTarget "02-手动调用KVO" */ = {
			isa = XCConfigurationList;
			buildConfigurations = (
				B35B82892424CE0C001060C5 /* Debug */,
				B35B828A2424CE0C001060C5 /* Release */,
			);
			defaultConfigurationIsVisible = 0;
			defaultConfigurationName = Release;
		};
		B35B82972424D1C2001060C5 /* Build configuration list for PBXNativeTarget "03-自定义KVO实现" */ = {
			isa = XCConfigurationList;
			buildConfigurations = (
				B35B82982424D1C2001060C5 /* Debug */,
				B35B82992424D1C2001060C5 /* Release */,
			);
			defaultConfigurationIsVisible = 0;
			defaultConfigurationName = Release;
		};
		B3691C4E242A10FF001CAE33 /* Build configuration list for PBXNativeTarget "15-runtime添加ivar" */ = {
			isa = XCConfigurationList;
			buildConfigurations = (
				B3691C4F242A10FF001CAE33 /* Debug */,
				B3691C50242A10FF001CAE33 /* Release */,
			);
			defaultConfigurationIsVisible = 0;
			defaultConfigurationName = Release;
		};
		B3691C5F242A18AB001CAE33 /* Build configuration list for PBXNativeTarget "16-msgForward" */ = {
			isa = XCConfigurationList;
			buildConfigurations = (
				B3691C60242A18AB001CAE33 /* Debug */,
				B3691C61242A18AB001CAE33 /* Release */,
			);
			defaultConfigurationIsVisible = 0;
			defaultConfigurationName = Release;
		};
		B3A35F7F2425A31C00DD9B8E /* Build configuration list for PBXNativeTarget "04-KVC" */ = {
			isa = XCConfigurationList;
			buildConfigurations = (
				B3A35F7D2425A31C00DD9B8E /* Debug */,
				B3A35F7E2425A31C00DD9B8E /* Release */,
			);
			defaultConfigurationIsVisible = 0;
			defaultConfigurationName = Release;
		};
		B3A35F912425A7EE00DD9B8E /* Build configuration list for PBXNativeTarget "05-KVC取值" */ = {
			isa = XCConfigurationList;
			buildConfigurations = (
				B3A35F922425A7EE00DD9B8E /* Debug */,
				B3A35F932425A7EE00DD9B8E /* Release */,
			);
			defaultConfigurationIsVisible = 0;
			defaultConfigurationName = Release;
		};
		B3A35FA22425AA7500DD9B8E /* Build configuration list for PBXNativeTarget "06-Block变量捕获" */ = {
			isa = XCConfigurationList;
			buildConfigurations = (
				B3A35FA32425AA7500DD9B8E /* Debug */,
				B3A35FA42425AA7500DD9B8E /* Release */,
			);
			defaultConfigurationIsVisible = 0;
			defaultConfigurationName = Release;
		};
		ED361E8E242A366700F76D6C /* Build configuration list for PBXNativeTarget "17-类添加property变化" */ = {
			isa = XCConfigurationList;
			buildConfigurations = (
				ED361E8C242A366700F76D6C /* Debug */,
				ED361E8D242A366700F76D6C /* Release */,
			);
			defaultConfigurationIsVisible = 0;
			defaultConfigurationName = Release;
		};
		ED361EB5242A47B500F76D6C /* Build configuration list for PBXNativeTarget "18-Runtime实现weak" */ = {
			isa = XCConfigurationList;
			buildConfigurations = (
				ED361EB6242A47B500F76D6C /* Debug */,
				ED361EB7242A47B500F76D6C /* Release */,
			);
			defaultConfigurationIsVisible = 0;
			defaultConfigurationName = Release;
		};
		ED387ED42428E7B200321E1D /* Build configuration list for PBXNativeTarget "14-Category关联对象" */ = {
			isa = XCConfigurationList;
			buildConfigurations = (
				ED387ED52428E7B200321E1D /* Debug */,
				ED387ED62428E7B200321E1D /* Release */,
			);
			defaultConfigurationIsVisible = 0;
			defaultConfigurationName = Release;
		};
		ED40C5A8242B956500D335F0 /* Build configuration list for PBXNativeTarget "19-Method-Swizzling" */ = {
			isa = XCConfigurationList;
			buildConfigurations = (
				ED40C5A6242B956500D335F0 /* Debug */,
				ED40C5A7242B956500D335F0 /* Release */,
			);
			defaultConfigurationIsVisible = 0;
			defaultConfigurationName = Release;
		};
		ED40C5B7242BA74900D335F0 /* Build configuration list for PBXNativeTarget "20-字典转模型" */ = {
			isa = XCConfigurationList;
			buildConfigurations = (
				ED40C5B8242BA74900D335F0 /* Debug */,
				ED40C5B9242BA74900D335F0 /* Release */,
			);
			defaultConfigurationIsVisible = 0;
			defaultConfigurationName = Release;
		};
		EDC1CBF124267BF900488563 /* Build configuration list for PBXNativeTarget "07-__block修饰符" */ = {
			isa = XCConfigurationList;
			buildConfigurations = (
				EDC1CBEF24267BF900488563 /* Debug */,
				EDC1CBF024267BF900488563 /* Release */,
			);
			defaultConfigurationIsVisible = 0;
			defaultConfigurationName = Release;
		};
/* End XCConfigurationList section */
	};
	rootObject = B35B82692424BCBB001060C5 /* Project object */;
}
